
Microsoft Visual Studio Solution File, Format Version 12.00
# Visual Studio 15
Project("{2150E333-8FDC-42A3-9474-1A3956D46DE8}") = "CMakePredefinedTargets", "CMakePredefinedTargets", "{05BE30B0-512B-3F01-852E-0183AFBA54A3}"
EndProject
Project("{2150E333-8FDC-42A3-9474-1A3956D46DE8}") = "GLFW3", "GLFW3", "{152DB517-AE01-385A-B613-DD4AAFAA6286}"
EndProject
Project("{2150E333-8FDC-42A3-9474-1A3956D46DE8}") = "Examples", "GLFW3\Examples", "{47CB101D-FE19-3432-8B33-1CC4A07029BE}"
EndProject
Project("{2150E333-8FDC-42A3-9474-1A3956D46DE8}") = "Tests", "GLFW3\Tests", "{5F0E3246-F851-3ACE-839B-E548654A713C}"
EndProject
Project("{8BC9CEB8-8B4A-11D0-8D11-00A0C91BC942}") = "ALL_BUILD", "ALL_BUILD.vcxproj", "{A57DF250-8825-3C35-AE9C-B28CEB869AF9}"
	ProjectSection(ProjectDependencies) = postProject
		{128C9C98-B3CF-3253-9EF2-262E90722CB6} = {128C9C98-B3CF-3253-9EF2-262E90722CB6}
		{48ECA494-3F1A-30AD-8944-8CA5D2D33DFB} = {48ECA494-3F1A-30AD-8944-8CA5D2D33DFB}
		{68828E58-9574-3C28-AB23-4A3BBAF78232} = {68828E58-9574-3C28-AB23-4A3BBAF78232}
		{F33459C8-6F5E-3DC7-86DC-8B5157C6504A} = {F33459C8-6F5E-3DC7-86DC-8B5157C6504A}
		{1AB672C5-3106-3802-9E3C-E81F5A0552EE} = {1AB672C5-3106-3802-9E3C-E81F5A0552EE}
		{1A50B7BC-E8E0-36FC-A609-96F7B431F29D} = {1A50B7BC-E8E0-36FC-A609-96F7B431F29D}
		{BB71B54C-3410-33F8-9E5D-BE3BD8775158} = {BB71B54C-3410-33F8-9E5D-BE3BD8775158}
		{E3D2F1D1-E064-3371-B7FB-726409CD1108} = {E3D2F1D1-E064-3371-B7FB-726409CD1108}
		{441AF696-2E15-3D36-AB2D-DDA29696B852} = {441AF696-2E15-3D36-AB2D-DDA29696B852}
		{422CDE67-7307-35DE-B6DE-7A01BDB3894C} = {422CDE67-7307-35DE-B6DE-7A01BDB3894C}
		{7C8D7FB3-85DA-3C46-92AD-2AEB8B58FE59} = {7C8D7FB3-85DA-3C46-92AD-2AEB8B58FE59}
		{BBEF4C81-0086-3593-B01E-81BA3E413057} = {BBEF4C81-0086-3593-B01E-81BA3E413057}
		{B8F5AAA1-9BF3-376F-81E4-0A74513D345C} = {B8F5AAA1-9BF3-376F-81E4-0A74513D345C}
		{67D4F72A-1C0D-3B44-AC94-7FCA7B59ED2B} = {67D4F72A-1C0D-3B44-AC94-7FCA7B59ED2B}
		{60728C0C-5D98-3B78-9EC1-3BF40468A1F5} = {60728C0C-5D98-3B78-9EC1-3BF40468A1F5}
		{2A5ED570-84AD-384D-ADCA-3D05F5AAB83E} = {2A5ED570-84AD-384D-ADCA-3D05F5AAB83E}
		{48E4DBC0-A39E-3EF3-A62F-D40C12E88C2F} = {48E4DBC0-A39E-3EF3-A62F-D40C12E88C2F}
		{CA9A83AA-2211-357B-B8D0-B3026A34E09A} = {CA9A83AA-2211-357B-B8D0-B3026A34E09A}
		{D26D202D-76DF-3E27-ADAE-6C3C4C11B69D} = {D26D202D-76DF-3E27-ADAE-6C3C4C11B69D}
		{754214E7-FB4E-360C-9141-57EAE4F5CB40} = {754214E7-FB4E-360C-9141-57EAE4F5CB40}
		{CE319CF2-3814-39B8-9CA8-61794FE40B0E} = {CE319CF2-3814-39B8-9CA8-61794FE40B0E}
		{D7E3DCCC-0558-360B-A40B-B7E7BEA01AEC} = {D7E3DCCC-0558-360B-A40B-B7E7BEA01AEC}
		{2A93219D-2B5A-3C86-9502-5C7251FE14E1} = {2A93219D-2B5A-3C86-9502-5C7251FE14E1}
		{00696120-DC8D-3AC7-9F88-7E495416E5DA} = {00696120-DC8D-3AC7-9F88-7E495416E5DA}
		{7241C1C8-46D9-3C19-857A-13329C07ED19} = {7241C1C8-46D9-3C19-857A-13329C07ED19}
		{968DDDD4-F5CE-353E-9D32-7C33FE398DB9} = {968DDDD4-F5CE-353E-9D32-7C33FE398DB9}
		{598BC799-CFAF-3EC3-AF1E-3F1211CD57D5} = {598BC799-CFAF-3EC3-AF1E-3F1211CD57D5}
		{56DAE3B8-F7DC-3279-9F64-E19C1CA063D0} = {56DAE3B8-F7DC-3279-9F64-E19C1CA063D0}
		{8CD77649-9607-3391-A0D6-4BE175053231} = {8CD77649-9607-3391-A0D6-4BE175053231}
		{A7EDE9EB-880B-301E-B552-AF00919676F5} = {A7EDE9EB-880B-301E-B552-AF00919676F5}
		{0CA538D5-2B1D-30F5-937D-DA3DD854CBF3} = {0CA538D5-2B1D-30F5-937D-DA3DD854CBF3}
		{25B2EB30-455D-335E-A34F-39BBD45D6256} = {25B2EB30-455D-335E-A34F-39BBD45D6256}
		{F4B1E83F-A0B0-3806-B1D5-6E27AD990CD1} = {F4B1E83F-A0B0-3806-B1D5-6E27AD990CD1}
		{A2824DB6-6410-328E-BA99-1A13EB0FC31D} = {A2824DB6-6410-328E-BA99-1A13EB0FC31D}
		{1F73762A-CB07-362F-986A-610F12292C9B} = {1F73762A-CB07-362F-986A-610F12292C9B}
		{1961E472-56D6-3B91-8BB2-B5E20723E4FF} = {1961E472-56D6-3B91-8BB2-B5E20723E4FF}
		{E34B11A3-5B49-3C7D-B15A-5166066D9B1D} = {E34B11A3-5B49-3C7D-B15A-5166066D9B1D}
		{60D87144-6F8E-3F86-89F6-EAB0B2921237} = {60D87144-6F8E-3F86-89F6-EAB0B2921237}
		{8FC23786-6374-3334-B7FC-2912340F0ED3} = {8FC23786-6374-3334-B7FC-2912340F0ED3}
		{8306A101-3998-3DA5-953B-883C12E3FC22} = {8306A101-3998-3DA5-953B-883C12E3FC22}
		{08DB75AC-A9FB-311F-9E13-98ADBB2284C1} = {08DB75AC-A9FB-311F-9E13-98ADBB2284C1}
		{38A7E439-4A1F-30FE-8F6A-BA9C10830BA6} = {38A7E439-4A1F-30FE-8F6A-BA9C10830BA6}
		{BC1B8A33-048A-341D-BF0C-934EB81CACBF} = {BC1B8A33-048A-341D-BF0C-934EB81CACBF}
		{9A7C2F81-579D-3B73-ACFD-300D7B444688} = {9A7C2F81-579D-3B73-ACFD-300D7B444688}
		{86E81EEB-300C-3A6E-A05A-EF5A5B591E67} = {86E81EEB-300C-3A6E-A05A-EF5A5B591E67}
		{626BA2F5-5596-31C7-88F0-BA2FFC7B79E0} = {626BA2F5-5596-31C7-88F0-BA2FFC7B79E0}
		{2DB28A92-6A11-39EF-B749-922BB6936553} = {2DB28A92-6A11-39EF-B749-922BB6936553}
		{6A54126B-1F0B-3D30-BD56-3DAFC9F9184C} = {6A54126B-1F0B-3D30-BD56-3DAFC9F9184C}
		{4944FAD1-DCEB-3D7E-8EF5-D1B9C8795627} = {4944FAD1-DCEB-3D7E-8EF5-D1B9C8795627}
		{528E223B-4541-355C-8DE1-042B068C24C9} = {528E223B-4541-355C-8DE1-042B068C24C9}
		{5A96829D-6000-3FEA-9BA3-2FCD21225AAB} = {5A96829D-6000-3FEA-9BA3-2FCD21225AAB}
		{9A13CB74-9528-38CB-82FE-A7930C91D7F6} = {9A13CB74-9528-38CB-82FE-A7930C91D7F6}
		{345BBEA7-28F9-3F7E-8938-86917AC6D0DD} = {345BBEA7-28F9-3F7E-8938-86917AC6D0DD}
		{F7A9D62A-5726-38EF-93D3-CBE07E3E3A77} = {F7A9D62A-5726-38EF-93D3-CBE07E3E3A77}
		{68A56633-6375-31E4-BAA8-F841BA789029} = {68A56633-6375-31E4-BAA8-F841BA789029}
		{C01747C9-BE53-3026-B846-913109710626} = {C01747C9-BE53-3026-B846-913109710626}
		{13E8E0B0-D818-362C-830C-F7326019CC93} = {13E8E0B0-D818-362C-830C-F7326019CC93}
		{B78DD504-749A-3302-9AC2-1247CA2BC57B} = {B78DD504-749A-3302-9AC2-1247CA2BC57B}
		{BBE8C797-B6F5-35F0-9018-85912F832EFC} = {BBE8C797-B6F5-35F0-9018-85912F832EFC}
	EndProjectSection
EndProject
Project("{8BC9CEB8-8B4A-11D0-8D11-00A0C91BC942}") = "ANTTWEAKBAR_116_OGLCORE_GLFW", "external\ANTTWEAKBAR_116_OGLCORE_GLFW.vcxproj", "{128C9C98-B3CF-3253-9EF2-262E90722CB6}"
	ProjectSection(ProjectDependencies) = postProject
		{BB71B54C-3410-33F8-9E5D-BE3BD8775158} = {BB71B54C-3410-33F8-9E5D-BE3BD8775158}
	EndProjectSection
EndProject
Project("{8BC9CEB8-8B4A-11D0-8D11-00A0C91BC942}") = "BulletCollision", "external\bullet-2.81-rev2613\src\BulletCollision\BulletCollision.vcxproj", "{48ECA494-3F1A-30AD-8944-8CA5D2D33DFB}"
	ProjectSection(ProjectDependencies) = postProject
		{BB71B54C-3410-33F8-9E5D-BE3BD8775158} = {BB71B54C-3410-33F8-9E5D-BE3BD8775158}
	EndProjectSection
EndProject
Project("{8BC9CEB8-8B4A-11D0-8D11-00A0C91BC942}") = "BulletDynamics", "external\bullet-2.81-rev2613\src\BulletDynamics\BulletDynamics.vcxproj", "{68828E58-9574-3C28-AB23-4A3BBAF78232}"
	ProjectSection(ProjectDependencies) = postProject
		{BB71B54C-3410-33F8-9E5D-BE3BD8775158} = {BB71B54C-3410-33F8-9E5D-BE3BD8775158}
	EndProjectSection
EndProject
Project("{8BC9CEB8-8B4A-11D0-8D11-00A0C91BC942}") = "BulletSoftBody", "external\bullet-2.81-rev2613\src\BulletSoftBody\BulletSoftBody.vcxproj", "{F33459C8-6F5E-3DC7-86DC-8B5157C6504A}"
	ProjectSection(ProjectDependencies) = postProject
		{BB71B54C-3410-33F8-9E5D-BE3BD8775158} = {BB71B54C-3410-33F8-9E5D-BE3BD8775158}
	EndProjectSection
EndProject
Project("{8BC9CEB8-8B4A-11D0-8D11-00A0C91BC942}") = "GLEW_1130", "external\GLEW_1130.vcxproj", "{1AB672C5-3106-3802-9E3C-E81F5A0552EE}"
	ProjectSection(ProjectDependencies) = postProject
		{BB71B54C-3410-33F8-9E5D-BE3BD8775158} = {BB71B54C-3410-33F8-9E5D-BE3BD8775158}
	EndProjectSection
EndProject
Project("{8BC9CEB8-8B4A-11D0-8D11-00A0C91BC942}") = "INSTALL", "INSTALL.vcxproj", "{00AA96D9-35AE-3389-AA5F-C1579F79BC8C}"
	ProjectSection(ProjectDependencies) = postProject
		{A57DF250-8825-3C35-AE9C-B28CEB869AF9} = {A57DF250-8825-3C35-AE9C-B28CEB869AF9}
		{BB71B54C-3410-33F8-9E5D-BE3BD8775158} = {BB71B54C-3410-33F8-9E5D-BE3BD8775158}
	EndProjectSection
EndProject
Project("{8BC9CEB8-8B4A-11D0-8D11-00A0C91BC942}") = "LinearMath", "external\bullet-2.81-rev2613\src\LinearMath\LinearMath.vcxproj", "{1A50B7BC-E8E0-36FC-A609-96F7B431F29D}"
	ProjectSection(ProjectDependencies) = postProject
		{BB71B54C-3410-33F8-9E5D-BE3BD8775158} = {BB71B54C-3410-33F8-9E5D-BE3BD8775158}
	EndProjectSection
EndProject
Project("{8BC9CEB8-8B4A-11D0-8D11-00A0C91BC942}") = "ZERO_CHECK", "ZERO_CHECK.vcxproj", "{BB71B54C-3410-33F8-9E5D-BE3BD8775158}"
	ProjectSection(ProjectDependencies) = postProject
	EndProjectSection
EndProject
Project("{8BC9CEB8-8B4A-11D0-8D11-00A0C91BC942}") = "assimp", "external\assimp-3.0.1270\code\assimp.vcxproj", "{E3D2F1D1-E064-3371-B7FB-726409CD1108}"
	ProjectSection(ProjectDependencies) = postProject
		{BB71B54C-3410-33F8-9E5D-BE3BD8775158} = {BB71B54C-3410-33F8-9E5D-BE3BD8775158}
		{BBE8C797-B6F5-35F0-9018-85912F832EFC} = {BBE8C797-B6F5-35F0-9018-85912F832EFC}
	EndProjectSection
EndProject
Project("{8BC9CEB8-8B4A-11D0-8D11-00A0C91BC942}") = "boing", "external\glfw-3.1.2\examples\boing.vcxproj", "{441AF696-2E15-3D36-AB2D-DDA29696B852}"
	ProjectSection(ProjectDependencies) = postProject
		{BB71B54C-3410-33F8-9E5D-BE3BD8775158} = {BB71B54C-3410-33F8-9E5D-BE3BD8775158}
		{2A5ED570-84AD-384D-ADCA-3D05F5AAB83E} = {2A5ED570-84AD-384D-ADCA-3D05F5AAB83E}
	EndProjectSection
EndProject
Project("{8BC9CEB8-8B4A-11D0-8D11-00A0C91BC942}") = "clipboard", "external\glfw-3.1.2\tests\clipboard.vcxproj", "{422CDE67-7307-35DE-B6DE-7A01BDB3894C}"
	ProjectSection(ProjectDependencies) = postProject
		{BB71B54C-3410-33F8-9E5D-BE3BD8775158} = {BB71B54C-3410-33F8-9E5D-BE3BD8775158}
		{2A5ED570-84AD-384D-ADCA-3D05F5AAB83E} = {2A5ED570-84AD-384D-ADCA-3D05F5AAB83E}
	EndProjectSection
EndProject
Project("{8BC9CEB8-8B4A-11D0-8D11-00A0C91BC942}") = "cursor", "external\glfw-3.1.2\tests\cursor.vcxproj", "{7C8D7FB3-85DA-3C46-92AD-2AEB8B58FE59}"
	ProjectSection(ProjectDependencies) = postProject
		{BB71B54C-3410-33F8-9E5D-BE3BD8775158} = {BB71B54C-3410-33F8-9E5D-BE3BD8775158}
		{2A5ED570-84AD-384D-ADCA-3D05F5AAB83E} = {2A5ED570-84AD-384D-ADCA-3D05F5AAB83E}
	EndProjectSection
EndProject
Project("{8BC9CEB8-8B4A-11D0-8D11-00A0C91BC942}") = "empty", "external\glfw-3.1.2\tests\empty.vcxproj", "{BBEF4C81-0086-3593-B01E-81BA3E413057}"
	ProjectSection(ProjectDependencies) = postProject
		{BB71B54C-3410-33F8-9E5D-BE3BD8775158} = {BB71B54C-3410-33F8-9E5D-BE3BD8775158}
		{2A5ED570-84AD-384D-ADCA-3D05F5AAB83E} = {2A5ED570-84AD-384D-ADCA-3D05F5AAB83E}
	EndProjectSection
EndProject
Project("{8BC9CEB8-8B4A-11D0-8D11-00A0C91BC942}") = "events", "external\glfw-3.1.2\tests\events.vcxproj", "{B8F5AAA1-9BF3-376F-81E4-0A74513D345C}"
	ProjectSection(ProjectDependencies) = postProject
		{BB71B54C-3410-33F8-9E5D-BE3BD8775158} = {BB71B54C-3410-33F8-9E5D-BE3BD8775158}
		{2A5ED570-84AD-384D-ADCA-3D05F5AAB83E} = {2A5ED570-84AD-384D-ADCA-3D05F5AAB83E}
	EndProjectSection
EndProject
Project("{8BC9CEB8-8B4A-11D0-8D11-00A0C91BC942}") = "gamma", "external\glfw-3.1.2\tests\gamma.vcxproj", "{67D4F72A-1C0D-3B44-AC94-7FCA7B59ED2B}"
	ProjectSection(ProjectDependencies) = postProject
		{BB71B54C-3410-33F8-9E5D-BE3BD8775158} = {BB71B54C-3410-33F8-9E5D-BE3BD8775158}
		{2A5ED570-84AD-384D-ADCA-3D05F5AAB83E} = {2A5ED570-84AD-384D-ADCA-3D05F5AAB83E}
	EndProjectSection
EndProject
Project("{8BC9CEB8-8B4A-11D0-8D11-00A0C91BC942}") = "gears", "external\glfw-3.1.2\examples\gears.vcxproj", "{60728C0C-5D98-3B78-9EC1-3BF40468A1F5}"
	ProjectSection(ProjectDependencies) = postProject
		{BB71B54C-3410-33F8-9E5D-BE3BD8775158} = {BB71B54C-3410-33F8-9E5D-BE3BD8775158}
		{2A5ED570-84AD-384D-ADCA-3D05F5AAB83E} = {2A5ED570-84AD-384D-ADCA-3D05F5AAB83E}
	EndProjectSection
EndProject
Project("{8BC9CEB8-8B4A-11D0-8D11-00A0C91BC942}") = "glfw", "external\glfw-3.1.2\src\glfw.vcxproj", "{2A5ED570-84AD-384D-ADCA-3D05F5AAB83E}"
	ProjectSection(ProjectDependencies) = postProject
		{BB71B54C-3410-33F8-9E5D-BE3BD8775158} = {BB71B54C-3410-33F8-9E5D-BE3BD8775158}
	EndProjectSection
EndProject
Project("{8BC9CEB8-8B4A-11D0-8D11-00A0C91BC942}") = "glfwinfo", "external\glfw-3.1.2\tests\glfwinfo.vcxproj", "{48E4DBC0-A39E-3EF3-A62F-D40C12E88C2F}"
	ProjectSection(ProjectDependencies) = postProject
		{BB71B54C-3410-33F8-9E5D-BE3BD8775158} = {BB71B54C-3410-33F8-9E5D-BE3BD8775158}
		{2A5ED570-84AD-384D-ADCA-3D05F5AAB83E} = {2A5ED570-84AD-384D-ADCA-3D05F5AAB83E}
	EndProjectSection
EndProject
Project("{8BC9CEB8-8B4A-11D0-8D11-00A0C91BC942}") = "heightmap", "external\glfw-3.1.2\examples\heightmap.vcxproj", "{CA9A83AA-2211-357B-B8D0-B3026A34E09A}"
	ProjectSection(ProjectDependencies) = postProject
		{BB71B54C-3410-33F8-9E5D-BE3BD8775158} = {BB71B54C-3410-33F8-9E5D-BE3BD8775158}
		{2A5ED570-84AD-384D-ADCA-3D05F5AAB83E} = {2A5ED570-84AD-384D-ADCA-3D05F5AAB83E}
	EndProjectSection
EndProject
Project("{8BC9CEB8-8B4A-11D0-8D11-00A0C91BC942}") = "iconify", "external\glfw-3.1.2\tests\iconify.vcxproj", "{D26D202D-76DF-3E27-ADAE-6C3C4C11B69D}"
	ProjectSection(ProjectDependencies) = postProject
		{BB71B54C-3410-33F8-9E5D-BE3BD8775158} = {BB71B54C-3410-33F8-9E5D-BE3BD8775158}
		{2A5ED570-84AD-384D-ADCA-3D05F5AAB83E} = {2A5ED570-84AD-384D-ADCA-3D05F5AAB83E}
	EndProjectSection
EndProject
Project("{8BC9CEB8-8B4A-11D0-8D11-00A0C91BC942}") = "joysticks", "external\glfw-3.1.2\tests\joysticks.vcxproj", "{754214E7-FB4E-360C-9141-57EAE4F5CB40}"
	ProjectSection(ProjectDependencies) = postProject
		{BB71B54C-3410-33F8-9E5D-BE3BD8775158} = {BB71B54C-3410-33F8-9E5D-BE3BD8775158}
		{2A5ED570-84AD-384D-ADCA-3D05F5AAB83E} = {2A5ED570-84AD-384D-ADCA-3D05F5AAB83E}
	EndProjectSection
EndProject
Project("{8BC9CEB8-8B4A-11D0-8D11-00A0C91BC942}") = "misc05_picking_BulletPhysics", "misc05_picking_BulletPhysics.vcxproj", "{CE319CF2-3814-39B8-9CA8-61794FE40B0E}"
	ProjectSection(ProjectDependencies) = postProject
		{128C9C98-B3CF-3253-9EF2-262E90722CB6} = {128C9C98-B3CF-3253-9EF2-262E90722CB6}
		{48ECA494-3F1A-30AD-8944-8CA5D2D33DFB} = {48ECA494-3F1A-30AD-8944-8CA5D2D33DFB}
		{68828E58-9574-3C28-AB23-4A3BBAF78232} = {68828E58-9574-3C28-AB23-4A3BBAF78232}
		{1AB672C5-3106-3802-9E3C-E81F5A0552EE} = {1AB672C5-3106-3802-9E3C-E81F5A0552EE}
		{1A50B7BC-E8E0-36FC-A609-96F7B431F29D} = {1A50B7BC-E8E0-36FC-A609-96F7B431F29D}
		{BB71B54C-3410-33F8-9E5D-BE3BD8775158} = {BB71B54C-3410-33F8-9E5D-BE3BD8775158}
		{2A5ED570-84AD-384D-ADCA-3D05F5AAB83E} = {2A5ED570-84AD-384D-ADCA-3D05F5AAB83E}
	EndProjectSection
EndProject
Project("{8BC9CEB8-8B4A-11D0-8D11-00A0C91BC942}") = "misc05_picking_custom", "misc05_picking_custom.vcxproj", "{D7E3DCCC-0558-360B-A40B-B7E7BEA01AEC}"
	ProjectSection(ProjectDependencies) = postProject
		{128C9C98-B3CF-3253-9EF2-262E90722CB6} = {128C9C98-B3CF-3253-9EF2-262E90722CB6}
		{1AB672C5-3106-3802-9E3C-E81F5A0552EE} = {1AB672C5-3106-3802-9E3C-E81F5A0552EE}
		{BB71B54C-3410-33F8-9E5D-BE3BD8775158} = {BB71B54C-3410-33F8-9E5D-BE3BD8775158}
		{2A5ED570-84AD-384D-ADCA-3D05F5AAB83E} = {2A5ED570-84AD-384D-ADCA-3D05F5AAB83E}
	EndProjectSection
EndProject
Project("{8BC9CEB8-8B4A-11D0-8D11-00A0C91BC942}") = "misc05_picking_slow_easy", "misc05_picking_slow_easy.vcxproj", "{2A93219D-2B5A-3C86-9502-5C7251FE14E1}"
	ProjectSection(ProjectDependencies) = postProject
		{128C9C98-B3CF-3253-9EF2-262E90722CB6} = {128C9C98-B3CF-3253-9EF2-262E90722CB6}
		{1AB672C5-3106-3802-9E3C-E81F5A0552EE} = {1AB672C5-3106-3802-9E3C-E81F5A0552EE}
		{BB71B54C-3410-33F8-9E5D-BE3BD8775158} = {BB71B54C-3410-33F8-9E5D-BE3BD8775158}
		{2A5ED570-84AD-384D-ADCA-3D05F5AAB83E} = {2A5ED570-84AD-384D-ADCA-3D05F5AAB83E}
	EndProjectSection
EndProject
Project("{8BC9CEB8-8B4A-11D0-8D11-00A0C91BC942}") = "monitors", "external\glfw-3.1.2\tests\monitors.vcxproj", "{00696120-DC8D-3AC7-9F88-7E495416E5DA}"
	ProjectSection(ProjectDependencies) = postProject
		{BB71B54C-3410-33F8-9E5D-BE3BD8775158} = {BB71B54C-3410-33F8-9E5D-BE3BD8775158}
		{2A5ED570-84AD-384D-ADCA-3D05F5AAB83E} = {2A5ED570-84AD-384D-ADCA-3D05F5AAB83E}
	EndProjectSection
EndProject
Project("{8BC9CEB8-8B4A-11D0-8D11-00A0C91BC942}") = "msaa", "external\glfw-3.1.2\tests\msaa.vcxproj", "{7241C1C8-46D9-3C19-857A-13329C07ED19}"
	ProjectSection(ProjectDependencies) = postProject
		{BB71B54C-3410-33F8-9E5D-BE3BD8775158} = {BB71B54C-3410-33F8-9E5D-BE3BD8775158}
		{2A5ED570-84AD-384D-ADCA-3D05F5AAB83E} = {2A5ED570-84AD-384D-ADCA-3D05F5AAB83E}
	EndProjectSection
EndProject
Project("{8BC9CEB8-8B4A-11D0-8D11-00A0C91BC942}") = "particles", "external\glfw-3.1.2\examples\particles.vcxproj", "{968DDDD4-F5CE-353E-9D32-7C33FE398DB9}"
	ProjectSection(ProjectDependencies) = postProject
		{BB71B54C-3410-33F8-9E5D-BE3BD8775158} = {BB71B54C-3410-33F8-9E5D-BE3BD8775158}
		{2A5ED570-84AD-384D-ADCA-3D05F5AAB83E} = {2A5ED570-84AD-384D-ADCA-3D05F5AAB83E}
	EndProjectSection
EndProject
Project("{8BC9CEB8-8B4A-11D0-8D11-00A0C91BC942}") = "playground", "playground.vcxproj", "{598BC799-CFAF-3EC3-AF1E-3F1211CD57D5}"
	ProjectSection(ProjectDependencies) = postProject
		{1AB672C5-3106-3802-9E3C-E81F5A0552EE} = {1AB672C5-3106-3802-9E3C-E81F5A0552EE}
		{BB71B54C-3410-33F8-9E5D-BE3BD8775158} = {BB71B54C-3410-33F8-9E5D-BE3BD8775158}
		{2A5ED570-84AD-384D-ADCA-3D05F5AAB83E} = {2A5ED570-84AD-384D-ADCA-3D05F5AAB83E}
	EndProjectSection
EndProject
Project("{8BC9CEB8-8B4A-11D0-8D11-00A0C91BC942}") = "reopen", "external\glfw-3.1.2\tests\reopen.vcxproj", "{56DAE3B8-F7DC-3279-9F64-E19C1CA063D0}"
	ProjectSection(ProjectDependencies) = postProject
		{BB71B54C-3410-33F8-9E5D-BE3BD8775158} = {BB71B54C-3410-33F8-9E5D-BE3BD8775158}
		{2A5ED570-84AD-384D-ADCA-3D05F5AAB83E} = {2A5ED570-84AD-384D-ADCA-3D05F5AAB83E}
	EndProjectSection
EndProject
Project("{8BC9CEB8-8B4A-11D0-8D11-00A0C91BC942}") = "sharing", "external\glfw-3.1.2\tests\sharing.vcxproj", "{8CD77649-9607-3391-A0D6-4BE175053231}"
	ProjectSection(ProjectDependencies) = postProject
		{BB71B54C-3410-33F8-9E5D-BE3BD8775158} = {BB71B54C-3410-33F8-9E5D-BE3BD8775158}
		{2A5ED570-84AD-384D-ADCA-3D05F5AAB83E} = {2A5ED570-84AD-384D-ADCA-3D05F5AAB83E}
	EndProjectSection
EndProject
Project("{8BC9CEB8-8B4A-11D0-8D11-00A0C91BC942}") = "simple", "external\glfw-3.1.2\examples\simple.vcxproj", "{A7EDE9EB-880B-301E-B552-AF00919676F5}"
	ProjectSection(ProjectDependencies) = postProject
		{BB71B54C-3410-33F8-9E5D-BE3BD8775158} = {BB71B54C-3410-33F8-9E5D-BE3BD8775158}
		{2A5ED570-84AD-384D-ADCA-3D05F5AAB83E} = {2A5ED570-84AD-384D-ADCA-3D05F5AAB83E}
	EndProjectSection
EndProject
Project("{8BC9CEB8-8B4A-11D0-8D11-00A0C91BC942}") = "splitview", "external\glfw-3.1.2\examples\splitview.vcxproj", "{0CA538D5-2B1D-30F5-937D-DA3DD854CBF3}"
	ProjectSection(ProjectDependencies) = postProject
		{BB71B54C-3410-33F8-9E5D-BE3BD8775158} = {BB71B54C-3410-33F8-9E5D-BE3BD8775158}
		{2A5ED570-84AD-384D-ADCA-3D05F5AAB83E} = {2A5ED570-84AD-384D-ADCA-3D05F5AAB83E}
	EndProjectSection
EndProject
Project("{8BC9CEB8-8B4A-11D0-8D11-00A0C91BC942}") = "tearing", "external\glfw-3.1.2\tests\tearing.vcxproj", "{25B2EB30-455D-335E-A34F-39BBD45D6256}"
	ProjectSection(ProjectDependencies) = postProject
		{BB71B54C-3410-33F8-9E5D-BE3BD8775158} = {BB71B54C-3410-33F8-9E5D-BE3BD8775158}
		{2A5ED570-84AD-384D-ADCA-3D05F5AAB83E} = {2A5ED570-84AD-384D-ADCA-3D05F5AAB83E}
	EndProjectSection
EndProject
Project("{8BC9CEB8-8B4A-11D0-8D11-00A0C91BC942}") = "threads", "external\glfw-3.1.2\tests\threads.vcxproj", "{F4B1E83F-A0B0-3806-B1D5-6E27AD990CD1}"
	ProjectSection(ProjectDependencies) = postProject
		{BB71B54C-3410-33F8-9E5D-BE3BD8775158} = {BB71B54C-3410-33F8-9E5D-BE3BD8775158}
		{2A5ED570-84AD-384D-ADCA-3D05F5AAB83E} = {2A5ED570-84AD-384D-ADCA-3D05F5AAB83E}
	EndProjectSection
EndProject
Project("{8BC9CEB8-8B4A-11D0-8D11-00A0C91BC942}") = "title", "external\glfw-3.1.2\tests\title.vcxproj", "{A2824DB6-6410-328E-BA99-1A13EB0FC31D}"
	ProjectSection(ProjectDependencies) = postProject
		{BB71B54C-3410-33F8-9E5D-BE3BD8775158} = {BB71B54C-3410-33F8-9E5D-BE3BD8775158}
		{2A5ED570-84AD-384D-ADCA-3D05F5AAB83E} = {2A5ED570-84AD-384D-ADCA-3D05F5AAB83E}
	EndProjectSection
EndProject
Project("{8BC9CEB8-8B4A-11D0-8D11-00A0C91BC942}") = "tutorial01_first_window", "tutorial01_first_window.vcxproj", "{1F73762A-CB07-362F-986A-610F12292C9B}"
	ProjectSection(ProjectDependencies) = postProject
		{1AB672C5-3106-3802-9E3C-E81F5A0552EE} = {1AB672C5-3106-3802-9E3C-E81F5A0552EE}
		{BB71B54C-3410-33F8-9E5D-BE3BD8775158} = {BB71B54C-3410-33F8-9E5D-BE3BD8775158}
		{2A5ED570-84AD-384D-ADCA-3D05F5AAB83E} = {2A5ED570-84AD-384D-ADCA-3D05F5AAB83E}
	EndProjectSection
EndProject
Project("{8BC9CEB8-8B4A-11D0-8D11-00A0C91BC942}") = "tutorial02_red_triangle", "tutorial02_red_triangle.vcxproj", "{1961E472-56D6-3B91-8BB2-B5E20723E4FF}"
	ProjectSection(ProjectDependencies) = postProject
		{1AB672C5-3106-3802-9E3C-E81F5A0552EE} = {1AB672C5-3106-3802-9E3C-E81F5A0552EE}
		{BB71B54C-3410-33F8-9E5D-BE3BD8775158} = {BB71B54C-3410-33F8-9E5D-BE3BD8775158}
		{2A5ED570-84AD-384D-ADCA-3D05F5AAB83E} = {2A5ED570-84AD-384D-ADCA-3D05F5AAB83E}
	EndProjectSection
EndProject
Project("{8BC9CEB8-8B4A-11D0-8D11-00A0C91BC942}") = "tutorial03_matrices", "tutorial03_matrices.vcxproj", "{E34B11A3-5B49-3C7D-B15A-5166066D9B1D}"
	ProjectSection(ProjectDependencies) = postProject
		{1AB672C5-3106-3802-9E3C-E81F5A0552EE} = {1AB672C5-3106-3802-9E3C-E81F5A0552EE}
		{BB71B54C-3410-33F8-9E5D-BE3BD8775158} = {BB71B54C-3410-33F8-9E5D-BE3BD8775158}
		{2A5ED570-84AD-384D-ADCA-3D05F5AAB83E} = {2A5ED570-84AD-384D-ADCA-3D05F5AAB83E}
	EndProjectSection
EndProject
Project("{8BC9CEB8-8B4A-11D0-8D11-00A0C91BC942}") = "tutorial04_colored_cube", "tutorial04_colored_cube.vcxproj", "{60D87144-6F8E-3F86-89F6-EAB0B2921237}"
	ProjectSection(ProjectDependencies) = postProject
		{1AB672C5-3106-3802-9E3C-E81F5A0552EE} = {1AB672C5-3106-3802-9E3C-E81F5A0552EE}
		{BB71B54C-3410-33F8-9E5D-BE3BD8775158} = {BB71B54C-3410-33F8-9E5D-BE3BD8775158}
		{2A5ED570-84AD-384D-ADCA-3D05F5AAB83E} = {2A5ED570-84AD-384D-ADCA-3D05F5AAB83E}
	EndProjectSection
EndProject
Project("{8BC9CEB8-8B4A-11D0-8D11-00A0C91BC942}") = "tutorial05_textured_cube", "tutorial05_textured_cube.vcxproj", "{8FC23786-6374-3334-B7FC-2912340F0ED3}"
	ProjectSection(ProjectDependencies) = postProject
		{1AB672C5-3106-3802-9E3C-E81F5A0552EE} = {1AB672C5-3106-3802-9E3C-E81F5A0552EE}
		{BB71B54C-3410-33F8-9E5D-BE3BD8775158} = {BB71B54C-3410-33F8-9E5D-BE3BD8775158}
		{2A5ED570-84AD-384D-ADCA-3D05F5AAB83E} = {2A5ED570-84AD-384D-ADCA-3D05F5AAB83E}
	EndProjectSection
EndProject
Project("{8BC9CEB8-8B4A-11D0-8D11-00A0C91BC942}") = "tutorial06_keyboard_and_mouse", "tutorial06_keyboard_and_mouse.vcxproj", "{8306A101-3998-3DA5-953B-883C12E3FC22}"
	ProjectSection(ProjectDependencies) = postProject
		{1AB672C5-3106-3802-9E3C-E81F5A0552EE} = {1AB672C5-3106-3802-9E3C-E81F5A0552EE}
		{BB71B54C-3410-33F8-9E5D-BE3BD8775158} = {BB71B54C-3410-33F8-9E5D-BE3BD8775158}
		{2A5ED570-84AD-384D-ADCA-3D05F5AAB83E} = {2A5ED570-84AD-384D-ADCA-3D05F5AAB83E}
	EndProjectSection
EndProject
Project("{8BC9CEB8-8B4A-11D0-8D11-00A0C91BC942}") = "tutorial07_model_loading", "tutorial07_model_loading.vcxproj", "{08DB75AC-A9FB-311F-9E13-98ADBB2284C1}"
	ProjectSection(ProjectDependencies) = postProject
		{1AB672C5-3106-3802-9E3C-E81F5A0552EE} = {1AB672C5-3106-3802-9E3C-E81F5A0552EE}
		{BB71B54C-3410-33F8-9E5D-BE3BD8775158} = {BB71B54C-3410-33F8-9E5D-BE3BD8775158}
		{2A5ED570-84AD-384D-ADCA-3D05F5AAB83E} = {2A5ED570-84AD-384D-ADCA-3D05F5AAB83E}
	EndProjectSection
EndProject
Project("{8BC9CEB8-8B4A-11D0-8D11-00A0C91BC942}") = "tutorial08_basic_shading", "tutorial08_basic_shading.vcxproj", "{38A7E439-4A1F-30FE-8F6A-BA9C10830BA6}"
	ProjectSection(ProjectDependencies) = postProject
		{1AB672C5-3106-3802-9E3C-E81F5A0552EE} = {1AB672C5-3106-3802-9E3C-E81F5A0552EE}
		{BB71B54C-3410-33F8-9E5D-BE3BD8775158} = {BB71B54C-3410-33F8-9E5D-BE3BD8775158}
		{2A5ED570-84AD-384D-ADCA-3D05F5AAB83E} = {2A5ED570-84AD-384D-ADCA-3D05F5AAB83E}
	EndProjectSection
EndProject
Project("{8BC9CEB8-8B4A-11D0-8D11-00A0C91BC942}") = "tutorial09_AssImp", "tutorial09_AssImp.vcxproj", "{BC1B8A33-048A-341D-BF0C-934EB81CACBF}"
	ProjectSection(ProjectDependencies) = postProject
		{1AB672C5-3106-3802-9E3C-E81F5A0552EE} = {1AB672C5-3106-3802-9E3C-E81F5A0552EE}
		{BB71B54C-3410-33F8-9E5D-BE3BD8775158} = {BB71B54C-3410-33F8-9E5D-BE3BD8775158}
		{E3D2F1D1-E064-3371-B7FB-726409CD1108} = {E3D2F1D1-E064-3371-B7FB-726409CD1108}
		{2A5ED570-84AD-384D-ADCA-3D05F5AAB83E} = {2A5ED570-84AD-384D-ADCA-3D05F5AAB83E}
		{BBE8C797-B6F5-35F0-9018-85912F832EFC} = {BBE8C797-B6F5-35F0-9018-85912F832EFC}
	EndProjectSection
EndProject
Project("{8BC9CEB8-8B4A-11D0-8D11-00A0C91BC942}") = "tutorial09_several_objects", "tutorial09_several_objects.vcxproj", "{9A7C2F81-579D-3B73-ACFD-300D7B444688}"
	ProjectSection(ProjectDependencies) = postProject
		{1AB672C5-3106-3802-9E3C-E81F5A0552EE} = {1AB672C5-3106-3802-9E3C-E81F5A0552EE}
		{BB71B54C-3410-33F8-9E5D-BE3BD8775158} = {BB71B54C-3410-33F8-9E5D-BE3BD8775158}
		{2A5ED570-84AD-384D-ADCA-3D05F5AAB83E} = {2A5ED570-84AD-384D-ADCA-3D05F5AAB83E}
	EndProjectSection
EndProject
Project("{8BC9CEB8-8B4A-11D0-8D11-00A0C91BC942}") = "tutorial09_vbo_indexing", "tutorial09_vbo_indexing.vcxproj", "{86E81EEB-300C-3A6E-A05A-EF5A5B591E67}"
	ProjectSection(ProjectDependencies) = postProject
		{1AB672C5-3106-3802-9E3C-E81F5A0552EE} = {1AB672C5-3106-3802-9E3C-E81F5A0552EE}
		{BB71B54C-3410-33F8-9E5D-BE3BD8775158} = {BB71B54C-3410-33F8-9E5D-BE3BD8775158}
		{2A5ED570-84AD-384D-ADCA-3D05F5AAB83E} = {2A5ED570-84AD-384D-ADCA-3D05F5AAB83E}
	EndProjectSection
EndProject
Project("{8BC9CEB8-8B4A-11D0-8D11-00A0C91BC942}") = "tutorial10_transparency", "tutorial10_transparency.vcxproj", "{626BA2F5-5596-31C7-88F0-BA2FFC7B79E0}"
	ProjectSection(ProjectDependencies) = postProject
		{1AB672C5-3106-3802-9E3C-E81F5A0552EE} = {1AB672C5-3106-3802-9E3C-E81F5A0552EE}
		{BB71B54C-3410-33F8-9E5D-BE3BD8775158} = {BB71B54C-3410-33F8-9E5D-BE3BD8775158}
		{2A5ED570-84AD-384D-ADCA-3D05F5AAB83E} = {2A5ED570-84AD-384D-ADCA-3D05F5AAB83E}
	EndProjectSection
EndProject
Project("{8BC9CEB8-8B4A-11D0-8D11-00A0C91BC942}") = "tutorial11_2d_fonts", "tutorial11_2d_fonts.vcxproj", "{2DB28A92-6A11-39EF-B749-922BB6936553}"
	ProjectSection(ProjectDependencies) = postProject
		{1AB672C5-3106-3802-9E3C-E81F5A0552EE} = {1AB672C5-3106-3802-9E3C-E81F5A0552EE}
		{BB71B54C-3410-33F8-9E5D-BE3BD8775158} = {BB71B54C-3410-33F8-9E5D-BE3BD8775158}
		{2A5ED570-84AD-384D-ADCA-3D05F5AAB83E} = {2A5ED570-84AD-384D-ADCA-3D05F5AAB83E}
	EndProjectSection
EndProject
Project("{8BC9CEB8-8B4A-11D0-8D11-00A0C91BC942}") = "tutorial12_extensions", "tutorial12_extensions.vcxproj", "{6A54126B-1F0B-3D30-BD56-3DAFC9F9184C}"
	ProjectSection(ProjectDependencies) = postProject
		{1AB672C5-3106-3802-9E3C-E81F5A0552EE} = {1AB672C5-3106-3802-9E3C-E81F5A0552EE}
		{BB71B54C-3410-33F8-9E5D-BE3BD8775158} = {BB71B54C-3410-33F8-9E5D-BE3BD8775158}
		{2A5ED570-84AD-384D-ADCA-3D05F5AAB83E} = {2A5ED570-84AD-384D-ADCA-3D05F5AAB83E}
	EndProjectSection
EndProject
Project("{8BC9CEB8-8B4A-11D0-8D11-00A0C91BC942}") = "tutorial13_normal_mapping", "tutorial13_normal_mapping.vcxproj", "{4944FAD1-DCEB-3D7E-8EF5-D1B9C8795627}"
	ProjectSection(ProjectDependencies) = postProject
		{1AB672C5-3106-3802-9E3C-E81F5A0552EE} = {1AB672C5-3106-3802-9E3C-E81F5A0552EE}
		{BB71B54C-3410-33F8-9E5D-BE3BD8775158} = {BB71B54C-3410-33F8-9E5D-BE3BD8775158}
		{2A5ED570-84AD-384D-ADCA-3D05F5AAB83E} = {2A5ED570-84AD-384D-ADCA-3D05F5AAB83E}
	EndProjectSection
EndProject
Project("{8BC9CEB8-8B4A-11D0-8D11-00A0C91BC942}") = "tutorial14_render_to_texture", "tutorial14_render_to_texture.vcxproj", "{528E223B-4541-355C-8DE1-042B068C24C9}"
	ProjectSection(ProjectDependencies) = postProject
		{1AB672C5-3106-3802-9E3C-E81F5A0552EE} = {1AB672C5-3106-3802-9E3C-E81F5A0552EE}
		{BB71B54C-3410-33F8-9E5D-BE3BD8775158} = {BB71B54C-3410-33F8-9E5D-BE3BD8775158}
		{2A5ED570-84AD-384D-ADCA-3D05F5AAB83E} = {2A5ED570-84AD-384D-ADCA-3D05F5AAB83E}
	EndProjectSection
EndProject
Project("{8BC9CEB8-8B4A-11D0-8D11-00A0C91BC942}") = "tutorial15_lightmaps", "tutorial15_lightmaps.vcxproj", "{5A96829D-6000-3FEA-9BA3-2FCD21225AAB}"
	ProjectSection(ProjectDependencies) = postProject
		{1AB672C5-3106-3802-9E3C-E81F5A0552EE} = {1AB672C5-3106-3802-9E3C-E81F5A0552EE}
		{BB71B54C-3410-33F8-9E5D-BE3BD8775158} = {BB71B54C-3410-33F8-9E5D-BE3BD8775158}
		{2A5ED570-84AD-384D-ADCA-3D05F5AAB83E} = {2A5ED570-84AD-384D-ADCA-3D05F5AAB83E}
	EndProjectSection
EndProject
Project("{8BC9CEB8-8B4A-11D0-8D11-00A0C91BC942}") = "tutorial16_shadowmaps", "tutorial16_shadowmaps.vcxproj", "{9A13CB74-9528-38CB-82FE-A7930C91D7F6}"
	ProjectSection(ProjectDependencies) = postProject
		{1AB672C5-3106-3802-9E3C-E81F5A0552EE} = {1AB672C5-3106-3802-9E3C-E81F5A0552EE}
		{BB71B54C-3410-33F8-9E5D-BE3BD8775158} = {BB71B54C-3410-33F8-9E5D-BE3BD8775158}
		{2A5ED570-84AD-384D-ADCA-3D05F5AAB83E} = {2A5ED570-84AD-384D-ADCA-3D05F5AAB83E}
	EndProjectSection
EndProject
Project("{8BC9CEB8-8B4A-11D0-8D11-00A0C91BC942}") = "tutorial16_shadowmaps_simple", "tutorial16_shadowmaps_simple.vcxproj", "{345BBEA7-28F9-3F7E-8938-86917AC6D0DD}"
	ProjectSection(ProjectDependencies) = postProject
		{1AB672C5-3106-3802-9E3C-E81F5A0552EE} = {1AB672C5-3106-3802-9E3C-E81F5A0552EE}
		{BB71B54C-3410-33F8-9E5D-BE3BD8775158} = {BB71B54C-3410-33F8-9E5D-BE3BD8775158}
		{2A5ED570-84AD-384D-ADCA-3D05F5AAB83E} = {2A5ED570-84AD-384D-ADCA-3D05F5AAB83E}
	EndProjectSection
EndProject
Project("{8BC9CEB8-8B4A-11D0-8D11-00A0C91BC942}") = "tutorial17_rotations", "tutorial17_rotations.vcxproj", "{F7A9D62A-5726-38EF-93D3-CBE07E3E3A77}"
	ProjectSection(ProjectDependencies) = postProject
		{128C9C98-B3CF-3253-9EF2-262E90722CB6} = {128C9C98-B3CF-3253-9EF2-262E90722CB6}
		{1AB672C5-3106-3802-9E3C-E81F5A0552EE} = {1AB672C5-3106-3802-9E3C-E81F5A0552EE}
		{BB71B54C-3410-33F8-9E5D-BE3BD8775158} = {BB71B54C-3410-33F8-9E5D-BE3BD8775158}
		{2A5ED570-84AD-384D-ADCA-3D05F5AAB83E} = {2A5ED570-84AD-384D-ADCA-3D05F5AAB83E}
	EndProjectSection
EndProject
Project("{8BC9CEB8-8B4A-11D0-8D11-00A0C91BC942}") = "tutorial18_billboards", "tutorial18_billboards.vcxproj", "{68A56633-6375-31E4-BAA8-F841BA789029}"
	ProjectSection(ProjectDependencies) = postProject
		{1AB672C5-3106-3802-9E3C-E81F5A0552EE} = {1AB672C5-3106-3802-9E3C-E81F5A0552EE}
		{BB71B54C-3410-33F8-9E5D-BE3BD8775158} = {BB71B54C-3410-33F8-9E5D-BE3BD8775158}
		{2A5ED570-84AD-384D-ADCA-3D05F5AAB83E} = {2A5ED570-84AD-384D-ADCA-3D05F5AAB83E}
	EndProjectSection
EndProject
Project("{8BC9CEB8-8B4A-11D0-8D11-00A0C91BC942}") = "tutorial18_particles", "tutorial18_particles.vcxproj", "{C01747C9-BE53-3026-B846-913109710626}"
	ProjectSection(ProjectDependencies) = postProject
		{1AB672C5-3106-3802-9E3C-E81F5A0552EE} = {1AB672C5-3106-3802-9E3C-E81F5A0552EE}
		{BB71B54C-3410-33F8-9E5D-BE3BD8775158} = {BB71B54C-3410-33F8-9E5D-BE3BD8775158}
		{2A5ED570-84AD-384D-ADCA-3D05F5AAB83E} = {2A5ED570-84AD-384D-ADCA-3D05F5AAB83E}
	EndProjectSection
EndProject
Project("{8BC9CEB8-8B4A-11D0-8D11-00A0C91BC942}") = "uninstall", "external\glfw-3.1.2\uninstall.vcxproj", "{1BC76065-B5B2-3EF3-B9D0-AEF97FEDCC19}"
	ProjectSection(ProjectDependencies) = postProject
		{BB71B54C-3410-33F8-9E5D-BE3BD8775158} = {BB71B54C-3410-33F8-9E5D-BE3BD8775158}
	EndProjectSection
EndProject
Project("{8BC9CEB8-8B4A-11D0-8D11-00A0C91BC942}") = "wave", "external\glfw-3.1.2\examples\wave.vcxproj", "{13E8E0B0-D818-362C-830C-F7326019CC93}"
	ProjectSection(ProjectDependencies) = postProject
		{BB71B54C-3410-33F8-9E5D-BE3BD8775158} = {BB71B54C-3410-33F8-9E5D-BE3BD8775158}
		{2A5ED570-84AD-384D-ADCA-3D05F5AAB83E} = {2A5ED570-84AD-384D-ADCA-3D05F5AAB83E}
	EndProjectSection
EndProject
Project("{8BC9CEB8-8B4A-11D0-8D11-00A0C91BC942}") = "windows", "external\glfw-3.1.2\tests\windows.vcxproj", "{B78DD504-749A-3302-9AC2-1247CA2BC57B}"
	ProjectSection(ProjectDependencies) = postProject
		{BB71B54C-3410-33F8-9E5D-BE3BD8775158} = {BB71B54C-3410-33F8-9E5D-BE3BD8775158}
		{2A5ED570-84AD-384D-ADCA-3D05F5AAB83E} = {2A5ED570-84AD-384D-ADCA-3D05F5AAB83E}
	EndProjectSection
EndProject
Project("{8BC9CEB8-8B4A-11D0-8D11-00A0C91BC942}") = "zlib", "external\assimp-3.0.1270\contrib\zlib\zlib.vcxproj", "{BBE8C797-B6F5-35F0-9018-85912F832EFC}"
	ProjectSection(ProjectDependencies) = postProject
		{BB71B54C-3410-33F8-9E5D-BE3BD8775158} = {BB71B54C-3410-33F8-9E5D-BE3BD8775158}
	EndProjectSection
EndProject
Global
	GlobalSection(SolutionConfigurationPlatforms) = preSolution
		Debug|Win32 = Debug|Win32
		Release|Win32 = Release|Win32
		MinSizeRel|Win32 = MinSizeRel|Win32
		RelWithDebInfo|Win32 = RelWithDebInfo|Win32
	EndGlobalSection
	GlobalSection(ProjectConfigurationPlatforms) = postSolution
		{A57DF250-8825-3C35-AE9C-B28CEB869AF9}.Debug|Win32.ActiveCfg = Debug|Win32
		{A57DF250-8825-3C35-AE9C-B28CEB869AF9}.Debug|Win32.Build.0 = Debug|Win32
		{A57DF250-8825-3C35-AE9C-B28CEB869AF9}.Release|Win32.ActiveCfg = Release|Win32
		{A57DF250-8825-3C35-AE9C-B28CEB869AF9}.Release|Win32.Build.0 = Release|Win32
		{A57DF250-8825-3C35-AE9C-B28CEB869AF9}.MinSizeRel|Win32.ActiveCfg = MinSizeRel|Win32
		{A57DF250-8825-3C35-AE9C-B28CEB869AF9}.MinSizeRel|Win32.Build.0 = MinSizeRel|Win32
		{A57DF250-8825-3C35-AE9C-B28CEB869AF9}.RelWithDebInfo|Win32.ActiveCfg = RelWithDebInfo|Win32
		{A57DF250-8825-3C35-AE9C-B28CEB869AF9}.RelWithDebInfo|Win32.Build.0 = RelWithDebInfo|Win32
		{128C9C98-B3CF-3253-9EF2-262E90722CB6}.Debug|Win32.ActiveCfg = Debug|Win32
		{128C9C98-B3CF-3253-9EF2-262E90722CB6}.Debug|Win32.Build.0 = Debug|Win32
		{128C9C98-B3CF-3253-9EF2-262E90722CB6}.Release|Win32.ActiveCfg = Release|Win32
		{128C9C98-B3CF-3253-9EF2-262E90722CB6}.Release|Win32.Build.0 = Release|Win32
		{128C9C98-B3CF-3253-9EF2-262E90722CB6}.MinSizeRel|Win32.ActiveCfg = MinSizeRel|Win32
		{128C9C98-B3CF-3253-9EF2-262E90722CB6}.MinSizeRel|Win32.Build.0 = MinSizeRel|Win32
		{128C9C98-B3CF-3253-9EF2-262E90722CB6}.RelWithDebInfo|Win32.ActiveCfg = RelWithDebInfo|Win32
		{128C9C98-B3CF-3253-9EF2-262E90722CB6}.RelWithDebInfo|Win32.Build.0 = RelWithDebInfo|Win32
		{48ECA494-3F1A-30AD-8944-8CA5D2D33DFB}.Debug|Win32.ActiveCfg = Debug|Win32
		{48ECA494-3F1A-30AD-8944-8CA5D2D33DFB}.Debug|Win32.Build.0 = Debug|Win32
		{48ECA494-3F1A-30AD-8944-8CA5D2D33DFB}.Release|Win32.ActiveCfg = Release|Win32
		{48ECA494-3F1A-30AD-8944-8CA5D2D33DFB}.Release|Win32.Build.0 = Release|Win32
		{48ECA494-3F1A-30AD-8944-8CA5D2D33DFB}.MinSizeRel|Win32.ActiveCfg = MinSizeRel|Win32
		{48ECA494-3F1A-30AD-8944-8CA5D2D33DFB}.MinSizeRel|Win32.Build.0 = MinSizeRel|Win32
		{48ECA494-3F1A-30AD-8944-8CA5D2D33DFB}.RelWithDebInfo|Win32.ActiveCfg = RelWithDebInfo|Win32
		{48ECA494-3F1A-30AD-8944-8CA5D2D33DFB}.RelWithDebInfo|Win32.Build.0 = RelWithDebInfo|Win32
		{68828E58-9574-3C28-AB23-4A3BBAF78232}.Debug|Win32.ActiveCfg = Debug|Win32
		{68828E58-9574-3C28-AB23-4A3BBAF78232}.Debug|Win32.Build.0 = Debug|Win32
		{68828E58-9574-3C28-AB23-4A3BBAF78232}.Release|Win32.ActiveCfg = Release|Win32
		{68828E58-9574-3C28-AB23-4A3BBAF78232}.Release|Win32.Build.0 = Release|Win32
		{68828E58-9574-3C28-AB23-4A3BBAF78232}.MinSizeRel|Win32.ActiveCfg = MinSizeRel|Win32
		{68828E58-9574-3C28-AB23-4A3BBAF78232}.MinSizeRel|Win32.Build.0 = MinSizeRel|Win32
		{68828E58-9574-3C28-AB23-4A3BBAF78232}.RelWithDebInfo|Win32.ActiveCfg = RelWithDebInfo|Win32
		{68828E58-9574-3C28-AB23-4A3BBAF78232}.RelWithDebInfo|Win32.Build.0 = RelWithDebInfo|Win32
		{F33459C8-6F5E-3DC7-86DC-8B5157C6504A}.Debug|Win32.ActiveCfg = Debug|Win32
		{F33459C8-6F5E-3DC7-86DC-8B5157C6504A}.Debug|Win32.Build.0 = Debug|Win32
		{F33459C8-6F5E-3DC7-86DC-8B5157C6504A}.Release|Win32.ActiveCfg = Release|Win32
		{F33459C8-6F5E-3DC7-86DC-8B5157C6504A}.Release|Win32.Build.0 = Release|Win32
		{F33459C8-6F5E-3DC7-86DC-8B5157C6504A}.MinSizeRel|Win32.ActiveCfg = MinSizeRel|Win32
		{F33459C8-6F5E-3DC7-86DC-8B5157C6504A}.MinSizeRel|Win32.Build.0 = MinSizeRel|Win32
		{F33459C8-6F5E-3DC7-86DC-8B5157C6504A}.RelWithDebInfo|Win32.ActiveCfg = RelWithDebInfo|Win32
		{F33459C8-6F5E-3DC7-86DC-8B5157C6504A}.RelWithDebInfo|Win32.Build.0 = RelWithDebInfo|Win32
		{1AB672C5-3106-3802-9E3C-E81F5A0552EE}.Debug|Win32.ActiveCfg = Debug|Win32
		{1AB672C5-3106-3802-9E3C-E81F5A0552EE}.Debug|Win32.Build.0 = Debug|Win32
		{1AB672C5-3106-3802-9E3C-E81F5A0552EE}.Release|Win32.ActiveCfg = Release|Win32
		{1AB672C5-3106-3802-9E3C-E81F5A0552EE}.Release|Win32.Build.0 = Release|Win32
		{1AB672C5-3106-3802-9E3C-E81F5A0552EE}.MinSizeRel|Win32.ActiveCfg = MinSizeRel|Win32
		{1AB672C5-3106-3802-9E3C-E81F5A0552EE}.MinSizeRel|Win32.Build.0 = MinSizeRel|Win32
		{1AB672C5-3106-3802-9E3C-E81F5A0552EE}.RelWithDebInfo|Win32.ActiveCfg = RelWithDebInfo|Win32
		{1AB672C5-3106-3802-9E3C-E81F5A0552EE}.RelWithDebInfo|Win32.Build.0 = RelWithDebInfo|Win32
		{00AA96D9-35AE-3389-AA5F-C1579F79BC8C}.Debug|Win32.ActiveCfg = Debug|Win32
		{00AA96D9-35AE-3389-AA5F-C1579F79BC8C}.Release|Win32.ActiveCfg = Release|Win32
		{00AA96D9-35AE-3389-AA5F-C1579F79BC8C}.MinSizeRel|Win32.ActiveCfg = MinSizeRel|Win32
		{00AA96D9-35AE-3389-AA5F-C1579F79BC8C}.RelWithDebInfo|Win32.ActiveCfg = RelWithDebInfo|Win32
		{1A50B7BC-E8E0-36FC-A609-96F7B431F29D}.Debug|Win32.ActiveCfg = Debug|Win32
		{1A50B7BC-E8E0-36FC-A609-96F7B431F29D}.Debug|Win32.Build.0 = Debug|Win32
		{1A50B7BC-E8E0-36FC-A609-96F7B431F29D}.Release|Win32.ActiveCfg = Release|Win32
		{1A50B7BC-E8E0-36FC-A609-96F7B431F29D}.Release|Win32.Build.0 = Release|Win32
		{1A50B7BC-E8E0-36FC-A609-96F7B431F29D}.MinSizeRel|Win32.ActiveCfg = MinSizeRel|Win32
		{1A50B7BC-E8E0-36FC-A609-96F7B431F29D}.MinSizeRel|Win32.Build.0 = MinSizeRel|Win32
		{1A50B7BC-E8E0-36FC-A609-96F7B431F29D}.RelWithDebInfo|Win32.ActiveCfg = RelWithDebInfo|Win32
		{1A50B7BC-E8E0-36FC-A609-96F7B431F29D}.RelWithDebInfo|Win32.Build.0 = RelWithDebInfo|Win32
		{BB71B54C-3410-33F8-9E5D-BE3BD8775158}.Debug|Win32.ActiveCfg = Debug|Win32
		{BB71B54C-3410-33F8-9E5D-BE3BD8775158}.Debug|Win32.Build.0 = Debug|Win32
		{BB71B54C-3410-33F8-9E5D-BE3BD8775158}.Release|Win32.ActiveCfg = Release|Win32
		{BB71B54C-3410-33F8-9E5D-BE3BD8775158}.Release|Win32.Build.0 = Release|Win32
		{BB71B54C-3410-33F8-9E5D-BE3BD8775158}.MinSizeRel|Win32.ActiveCfg = MinSizeRel|Win32
		{BB71B54C-3410-33F8-9E5D-BE3BD8775158}.MinSizeRel|Win32.Build.0 = MinSizeRel|Win32
		{BB71B54C-3410-33F8-9E5D-BE3BD8775158}.RelWithDebInfo|Win32.ActiveCfg = RelWithDebInfo|Win32
		{BB71B54C-3410-33F8-9E5D-BE3BD8775158}.RelWithDebInfo|Win32.Build.0 = RelWithDebInfo|Win32
		{E3D2F1D1-E064-3371-B7FB-726409CD1108}.Debug|Win32.ActiveCfg = Debug|Win32
		{E3D2F1D1-E064-3371-B7FB-726409CD1108}.Debug|Win32.Build.0 = Debug|Win32
		{E3D2F1D1-E064-3371-B7FB-726409CD1108}.Release|Win32.ActiveCfg = Release|Win32
		{E3D2F1D1-E064-3371-B7FB-726409CD1108}.Release|Win32.Build.0 = Release|Win32
		{E3D2F1D1-E064-3371-B7FB-726409CD1108}.MinSizeRel|Win32.ActiveCfg = MinSizeRel|Win32
		{E3D2F1D1-E064-3371-B7FB-726409CD1108}.MinSizeRel|Win32.Build.0 = MinSizeRel|Win32
		{E3D2F1D1-E064-3371-B7FB-726409CD1108}.RelWithDebInfo|Win32.ActiveCfg = RelWithDebInfo|Win32
		{E3D2F1D1-E064-3371-B7FB-726409CD1108}.RelWithDebInfo|Win32.Build.0 = RelWithDebInfo|Win32
		{441AF696-2E15-3D36-AB2D-DDA29696B852}.Debug|Win32.ActiveCfg = Debug|Win32
		{441AF696-2E15-3D36-AB2D-DDA29696B852}.Debug|Win32.Build.0 = Debug|Win32
		{441AF696-2E15-3D36-AB2D-DDA29696B852}.Release|Win32.ActiveCfg = Release|Win32
		{441AF696-2E15-3D36-AB2D-DDA29696B852}.Release|Win32.Build.0 = Release|Win32
		{441AF696-2E15-3D36-AB2D-DDA29696B852}.MinSizeRel|Win32.ActiveCfg = MinSizeRel|Win32
		{441AF696-2E15-3D36-AB2D-DDA29696B852}.MinSizeRel|Win32.Build.0 = MinSizeRel|Win32
		{441AF696-2E15-3D36-AB2D-DDA29696B852}.RelWithDebInfo|Win32.ActiveCfg = RelWithDebInfo|Win32
		{441AF696-2E15-3D36-AB2D-DDA29696B852}.RelWithDebInfo|Win32.Build.0 = RelWithDebInfo|Win32
		{422CDE67-7307-35DE-B6DE-7A01BDB3894C}.Debug|Win32.ActiveCfg = Debug|Win32
		{422CDE67-7307-35DE-B6DE-7A01BDB3894C}.Debug|Win32.Build.0 = Debug|Win32
		{422CDE67-7307-35DE-B6DE-7A01BDB3894C}.Release|Win32.ActiveCfg = Release|Win32
		{422CDE67-7307-35DE-B6DE-7A01BDB3894C}.Release|Win32.Build.0 = Release|Win32
		{422CDE67-7307-35DE-B6DE-7A01BDB3894C}.MinSizeRel|Win32.ActiveCfg = MinSizeRel|Win32
		{422CDE67-7307-35DE-B6DE-7A01BDB3894C}.MinSizeRel|Win32.Build.0 = MinSizeRel|Win32
		{422CDE67-7307-35DE-B6DE-7A01BDB3894C}.RelWithDebInfo|Win32.ActiveCfg = RelWithDebInfo|Win32
		{422CDE67-7307-35DE-B6DE-7A01BDB3894C}.RelWithDebInfo|Win32.Build.0 = RelWithDebInfo|Win32
		{7C8D7FB3-85DA-3C46-92AD-2AEB8B58FE59}.Debug|Win32.ActiveCfg = Debug|Win32
		{7C8D7FB3-85DA-3C46-92AD-2AEB8B58FE59}.Debug|Win32.Build.0 = Debug|Win32
		{7C8D7FB3-85DA-3C46-92AD-2AEB8B58FE59}.Release|Win32.ActiveCfg = Release|Win32
		{7C8D7FB3-85DA-3C46-92AD-2AEB8B58FE59}.Release|Win32.Build.0 = Release|Win32
		{7C8D7FB3-85DA-3C46-92AD-2AEB8B58FE59}.MinSizeRel|Win32.ActiveCfg = MinSizeRel|Win32
		{7C8D7FB3-85DA-3C46-92AD-2AEB8B58FE59}.MinSizeRel|Win32.Build.0 = MinSizeRel|Win32
		{7C8D7FB3-85DA-3C46-92AD-2AEB8B58FE59}.RelWithDebInfo|Win32.ActiveCfg = RelWithDebInfo|Win32
		{7C8D7FB3-85DA-3C46-92AD-2AEB8B58FE59}.RelWithDebInfo|Win32.Build.0 = RelWithDebInfo|Win32
		{BBEF4C81-0086-3593-B01E-81BA3E413057}.Debug|Win32.ActiveCfg = Debug|Win32
		{BBEF4C81-0086-3593-B01E-81BA3E413057}.Debug|Win32.Build.0 = Debug|Win32
		{BBEF4C81-0086-3593-B01E-81BA3E413057}.Release|Win32.ActiveCfg = Release|Win32
		{BBEF4C81-0086-3593-B01E-81BA3E413057}.Release|Win32.Build.0 = Release|Win32
		{BBEF4C81-0086-3593-B01E-81BA3E413057}.MinSizeRel|Win32.ActiveCfg = MinSizeRel|Win32
		{BBEF4C81-0086-3593-B01E-81BA3E413057}.MinSizeRel|Win32.Build.0 = MinSizeRel|Win32
		{BBEF4C81-0086-3593-B01E-81BA3E413057}.RelWithDebInfo|Win32.ActiveCfg = RelWithDebInfo|Win32
		{BBEF4C81-0086-3593-B01E-81BA3E413057}.RelWithDebInfo|Win32.Build.0 = RelWithDebInfo|Win32
		{B8F5AAA1-9BF3-376F-81E4-0A74513D345C}.Debug|Win32.ActiveCfg = Debug|Win32
		{B8F5AAA1-9BF3-376F-81E4-0A74513D345C}.Debug|Win32.Build.0 = Debug|Win32
		{B8F5AAA1-9BF3-376F-81E4-0A74513D345C}.Release|Win32.ActiveCfg = Release|Win32
		{B8F5AAA1-9BF3-376F-81E4-0A74513D345C}.Release|Win32.Build.0 = Release|Win32
		{B8F5AAA1-9BF3-376F-81E4-0A74513D345C}.MinSizeRel|Win32.ActiveCfg = MinSizeRel|Win32
		{B8F5AAA1-9BF3-376F-81E4-0A74513D345C}.MinSizeRel|Win32.Build.0 = MinSizeRel|Win32
		{B8F5AAA1-9BF3-376F-81E4-0A74513D345C}.RelWithDebInfo|Win32.ActiveCfg = RelWithDebInfo|Win32
		{B8F5AAA1-9BF3-376F-81E4-0A74513D345C}.RelWithDebInfo|Win32.Build.0 = RelWithDebInfo|Win32
		{67D4F72A-1C0D-3B44-AC94-7FCA7B59ED2B}.Debug|Win32.ActiveCfg = Debug|Win32
		{67D4F72A-1C0D-3B44-AC94-7FCA7B59ED2B}.Debug|Win32.Build.0 = Debug|Win32
		{67D4F72A-1C0D-3B44-AC94-7FCA7B59ED2B}.Release|Win32.ActiveCfg = Release|Win32
		{67D4F72A-1C0D-3B44-AC94-7FCA7B59ED2B}.Release|Win32.Build.0 = Release|Win32
		{67D4F72A-1C0D-3B44-AC94-7FCA7B59ED2B}.MinSizeRel|Win32.ActiveCfg = MinSizeRel|Win32
		{67D4F72A-1C0D-3B44-AC94-7FCA7B59ED2B}.MinSizeRel|Win32.Build.0 = MinSizeRel|Win32
		{67D4F72A-1C0D-3B44-AC94-7FCA7B59ED2B}.RelWithDebInfo|Win32.ActiveCfg = RelWithDebInfo|Win32
		{67D4F72A-1C0D-3B44-AC94-7FCA7B59ED2B}.RelWithDebInfo|Win32.Build.0 = RelWithDebInfo|Win32
		{60728C0C-5D98-3B78-9EC1-3BF40468A1F5}.Debug|Win32.ActiveCfg = Debug|Win32
		{60728C0C-5D98-3B78-9EC1-3BF40468A1F5}.Debug|Win32.Build.0 = Debug|Win32
		{60728C0C-5D98-3B78-9EC1-3BF40468A1F5}.Release|Win32.ActiveCfg = Release|Win32
		{60728C0C-5D98-3B78-9EC1-3BF40468A1F5}.Release|Win32.Build.0 = Release|Win32
		{60728C0C-5D98-3B78-9EC1-3BF40468A1F5}.MinSizeRel|Win32.ActiveCfg = MinSizeRel|Win32
		{60728C0C-5D98-3B78-9EC1-3BF40468A1F5}.MinSizeRel|Win32.Build.0 = MinSizeRel|Win32
		{60728C0C-5D98-3B78-9EC1-3BF40468A1F5}.RelWithDebInfo|Win32.ActiveCfg = RelWithDebInfo|Win32
		{60728C0C-5D98-3B78-9EC1-3BF40468A1F5}.RelWithDebInfo|Win32.Build.0 = RelWithDebInfo|Win32
		{2A5ED570-84AD-384D-ADCA-3D05F5AAB83E}.Debug|Win32.ActiveCfg = Debug|Win32
		{2A5ED570-84AD-384D-ADCA-3D05F5AAB83E}.Debug|Win32.Build.0 = Debug|Win32
		{2A5ED570-84AD-384D-ADCA-3D05F5AAB83E}.Release|Win32.ActiveCfg = Release|Win32
		{2A5ED570-84AD-384D-ADCA-3D05F5AAB83E}.Release|Win32.Build.0 = Release|Win32
		{2A5ED570-84AD-384D-ADCA-3D05F5AAB83E}.MinSizeRel|Win32.ActiveCfg = MinSizeRel|Win32
		{2A5ED570-84AD-384D-ADCA-3D05F5AAB83E}.MinSizeRel|Win32.Build.0 = MinSizeRel|Win32
		{2A5ED570-84AD-384D-ADCA-3D05F5AAB83E}.RelWithDebInfo|Win32.ActiveCfg = RelWithDebInfo|Win32
		{2A5ED570-84AD-384D-ADCA-3D05F5AAB83E}.RelWithDebInfo|Win32.Build.0 = RelWithDebInfo|Win32
		{48E4DBC0-A39E-3EF3-A62F-D40C12E88C2F}.Debug|Win32.ActiveCfg = Debug|Win32
		{48E4DBC0-A39E-3EF3-A62F-D40C12E88C2F}.Debug|Win32.Build.0 = Debug|Win32
		{48E4DBC0-A39E-3EF3-A62F-D40C12E88C2F}.Release|Win32.ActiveCfg = Release|Win32
		{48E4DBC0-A39E-3EF3-A62F-D40C12E88C2F}.Release|Win32.Build.0 = Release|Win32
		{48E4DBC0-A39E-3EF3-A62F-D40C12E88C2F}.MinSizeRel|Win32.ActiveCfg = MinSizeRel|Win32
		{48E4DBC0-A39E-3EF3-A62F-D40C12E88C2F}.MinSizeRel|Win32.Build.0 = MinSizeRel|Win32
		{48E4DBC0-A39E-3EF3-A62F-D40C12E88C2F}.RelWithDebInfo|Win32.ActiveCfg = RelWithDebInfo|Win32
		{48E4DBC0-A39E-3EF3-A62F-D40C12E88C2F}.RelWithDebInfo|Win32.Build.0 = RelWithDebInfo|Win32
		{CA9A83AA-2211-357B-B8D0-B3026A34E09A}.Debug|Win32.ActiveCfg = Debug|Win32
		{CA9A83AA-2211-357B-B8D0-B3026A34E09A}.Debug|Win32.Build.0 = Debug|Win32
		{CA9A83AA-2211-357B-B8D0-B3026A34E09A}.Release|Win32.ActiveCfg = Release|Win32
		{CA9A83AA-2211-357B-B8D0-B3026A34E09A}.Release|Win32.Build.0 = Release|Win32
		{CA9A83AA-2211-357B-B8D0-B3026A34E09A}.MinSizeRel|Win32.ActiveCfg = MinSizeRel|Win32
		{CA9A83AA-2211-357B-B8D0-B3026A34E09A}.MinSizeRel|Win32.Build.0 = MinSizeRel|Win32
		{CA9A83AA-2211-357B-B8D0-B3026A34E09A}.RelWithDebInfo|Win32.ActiveCfg = RelWithDebInfo|Win32
		{CA9A83AA-2211-357B-B8D0-B3026A34E09A}.RelWithDebInfo|Win32.Build.0 = RelWithDebInfo|Win32
		{D26D202D-76DF-3E27-ADAE-6C3C4C11B69D}.Debug|Win32.ActiveCfg = Debug|Win32
		{D26D202D-76DF-3E27-ADAE-6C3C4C11B69D}.Debug|Win32.Build.0 = Debug|Win32
		{D26D202D-76DF-3E27-ADAE-6C3C4C11B69D}.Release|Win32.ActiveCfg = Release|Win32
		{D26D202D-76DF-3E27-ADAE-6C3C4C11B69D}.Release|Win32.Build.0 = Release|Win32
		{D26D202D-76DF-3E27-ADAE-6C3C4C11B69D}.MinSizeRel|Win32.ActiveCfg = MinSizeRel|Win32
		{D26D202D-76DF-3E27-ADAE-6C3C4C11B69D}.MinSizeRel|Win32.Build.0 = MinSizeRel|Win32
		{D26D202D-76DF-3E27-ADAE-6C3C4C11B69D}.RelWithDebInfo|Win32.ActiveCfg = RelWithDebInfo|Win32
		{D26D202D-76DF-3E27-ADAE-6C3C4C11B69D}.RelWithDebInfo|Win32.Build.0 = RelWithDebInfo|Win32
		{754214E7-FB4E-360C-9141-57EAE4F5CB40}.Debug|Win32.ActiveCfg = Debug|Win32
		{754214E7-FB4E-360C-9141-57EAE4F5CB40}.Debug|Win32.Build.0 = Debug|Win32
		{754214E7-FB4E-360C-9141-57EAE4F5CB40}.Release|Win32.ActiveCfg = Release|Win32
		{754214E7-FB4E-360C-9141-57EAE4F5CB40}.Release|Win32.Build.0 = Release|Win32
		{754214E7-FB4E-360C-9141-57EAE4F5CB40}.MinSizeRel|Win32.ActiveCfg = MinSizeRel|Win32
		{754214E7-FB4E-360C-9141-57EAE4F5CB40}.MinSizeRel|Win32.Build.0 = MinSizeRel|Win32
		{754214E7-FB4E-360C-9141-57EAE4F5CB40}.RelWithDebInfo|Win32.ActiveCfg = RelWithDebInfo|Win32
		{754214E7-FB4E-360C-9141-57EAE4F5CB40}.RelWithDebInfo|Win32.Build.0 = RelWithDebInfo|Win32
		{CE319CF2-3814-39B8-9CA8-61794FE40B0E}.Debug|Win32.ActiveCfg = Debug|Win32
		{CE319CF2-3814-39B8-9CA8-61794FE40B0E}.Debug|Win32.Build.0 = Debug|Win32
		{CE319CF2-3814-39B8-9CA8-61794FE40B0E}.Release|Win32.ActiveCfg = Release|Win32
		{CE319CF2-3814-39B8-9CA8-61794FE40B0E}.Release|Win32.Build.0 = Release|Win32
		{CE319CF2-3814-39B8-9CA8-61794FE40B0E}.MinSizeRel|Win32.ActiveCfg = MinSizeRel|Win32
		{CE319CF2-3814-39B8-9CA8-61794FE40B0E}.MinSizeRel|Win32.Build.0 = MinSizeRel|Win32
		{CE319CF2-3814-39B8-9CA8-61794FE40B0E}.RelWithDebInfo|Win32.ActiveCfg = RelWithDebInfo|Win32
		{CE319CF2-3814-39B8-9CA8-61794FE40B0E}.RelWithDebInfo|Win32.Build.0 = RelWithDebInfo|Win32
		{D7E3DCCC-0558-360B-A40B-B7E7BEA01AEC}.Debug|Win32.ActiveCfg = Debug|Win32
		{D7E3DCCC-0558-360B-A40B-B7E7BEA01AEC}.Debug|Win32.Build.0 = Debug|Win32
		{D7E3DCCC-0558-360B-A40B-B7E7BEA01AEC}.Release|Win32.ActiveCfg = Release|Win32
		{D7E3DCCC-0558-360B-A40B-B7E7BEA01AEC}.Release|Win32.Build.0 = Release|Win32
		{D7E3DCCC-0558-360B-A40B-B7E7BEA01AEC}.MinSizeRel|Win32.ActiveCfg = MinSizeRel|Win32
		{D7E3DCCC-0558-360B-A40B-B7E7BEA01AEC}.MinSizeRel|Win32.Build.0 = MinSizeRel|Win32
		{D7E3DCCC-0558-360B-A40B-B7E7BEA01AEC}.RelWithDebInfo|Win32.ActiveCfg = RelWithDebInfo|Win32
		{D7E3DCCC-0558-360B-A40B-B7E7BEA01AEC}.RelWithDebInfo|Win32.Build.0 = RelWithDebInfo|Win32
		{2A93219D-2B5A-3C86-9502-5C7251FE14E1}.Debug|Win32.ActiveCfg = Debug|Win32
		{2A93219D-2B5A-3C86-9502-5C7251FE14E1}.Debug|Win32.Build.0 = Debug|Win32
		{2A93219D-2B5A-3C86-9502-5C7251FE14E1}.Release|Win32.ActiveCfg = Release|Win32
		{2A93219D-2B5A-3C86-9502-5C7251FE14E1}.Release|Win32.Build.0 = Release|Win32
		{2A93219D-2B5A-3C86-9502-5C7251FE14E1}.MinSizeRel|Win32.ActiveCfg = MinSizeRel|Win32
		{2A93219D-2B5A-3C86-9502-5C7251FE14E1}.MinSizeRel|Win32.Build.0 = MinSizeRel|Win32
		{2A93219D-2B5A-3C86-9502-5C7251FE14E1}.RelWithDebInfo|Win32.ActiveCfg = RelWithDebInfo|Win32
		{2A93219D-2B5A-3C86-9502-5C7251FE14E1}.RelWithDebInfo|Win32.Build.0 = RelWithDebInfo|Win32
		{00696120-DC8D-3AC7-9F88-7E495416E5DA}.Debug|Win32.ActiveCfg = Debug|Win32
		{00696120-DC8D-3AC7-9F88-7E495416E5DA}.Debug|Win32.Build.0 = Debug|Win32
		{00696120-DC8D-3AC7-9F88-7E495416E5DA}.Release|Win32.ActiveCfg = Release|Win32
		{00696120-DC8D-3AC7-9F88-7E495416E5DA}.Release|Win32.Build.0 = Release|Win32
		{00696120-DC8D-3AC7-9F88-7E495416E5DA}.MinSizeRel|Win32.ActiveCfg = MinSizeRel|Win32
		{00696120-DC8D-3AC7-9F88-7E495416E5DA}.MinSizeRel|Win32.Build.0 = MinSizeRel|Win32
		{00696120-DC8D-3AC7-9F88-7E495416E5DA}.RelWithDebInfo|Win32.ActiveCfg = RelWithDebInfo|Win32
		{00696120-DC8D-3AC7-9F88-7E495416E5DA}.RelWithDebInfo|Win32.Build.0 = RelWithDebInfo|Win32
		{7241C1C8-46D9-3C19-857A-13329C07ED19}.Debug|Win32.ActiveCfg = Debug|Win32
		{7241C1C8-46D9-3C19-857A-13329C07ED19}.Debug|Win32.Build.0 = Debug|Win32
		{7241C1C8-46D9-3C19-857A-13329C07ED19}.Release|Win32.ActiveCfg = Release|Win32
		{7241C1C8-46D9-3C19-857A-13329C07ED19}.Release|Win32.Build.0 = Release|Win32
		{7241C1C8-46D9-3C19-857A-13329C07ED19}.MinSizeRel|Win32.ActiveCfg = MinSizeRel|Win32
		{7241C1C8-46D9-3C19-857A-13329C07ED19}.MinSizeRel|Win32.Build.0 = MinSizeRel|Win32
		{7241C1C8-46D9-3C19-857A-13329C07ED19}.RelWithDebInfo|Win32.ActiveCfg = RelWithDebInfo|Win32
		{7241C1C8-46D9-3C19-857A-13329C07ED19}.RelWithDebInfo|Win32.Build.0 = RelWithDebInfo|Win32
		{968DDDD4-F5CE-353E-9D32-7C33FE398DB9}.Debug|Win32.ActiveCfg = Debug|Win32
		{968DDDD4-F5CE-353E-9D32-7C33FE398DB9}.Debug|Win32.Build.0 = Debug|Win32
		{968DDDD4-F5CE-353E-9D32-7C33FE398DB9}.Release|Win32.ActiveCfg = Release|Win32
		{968DDDD4-F5CE-353E-9D32-7C33FE398DB9}.Release|Win32.Build.0 = Release|Win32
		{968DDDD4-F5CE-353E-9D32-7C33FE398DB9}.MinSizeRel|Win32.ActiveCfg = MinSizeRel|Win32
		{968DDDD4-F5CE-353E-9D32-7C33FE398DB9}.MinSizeRel|Win32.Build.0 = MinSizeRel|Win32
		{968DDDD4-F5CE-353E-9D32-7C33FE398DB9}.RelWithDebInfo|Win32.ActiveCfg = RelWithDebInfo|Win32
		{968DDDD4-F5CE-353E-9D32-7C33FE398DB9}.RelWithDebInfo|Win32.Build.0 = RelWithDebInfo|Win32
		{598BC799-CFAF-3EC3-AF1E-3F1211CD57D5}.Debug|Win32.ActiveCfg = Debug|Win32
		{598BC799-CFAF-3EC3-AF1E-3F1211CD57D5}.Debug|Win32.Build.0 = Debug|Win32
		{598BC799-CFAF-3EC3-AF1E-3F1211CD57D5}.Release|Win32.ActiveCfg = Release|Win32
		{598BC799-CFAF-3EC3-AF1E-3F1211CD57D5}.Release|Win32.Build.0 = Release|Win32
		{598BC799-CFAF-3EC3-AF1E-3F1211CD57D5}.MinSizeRel|Win32.ActiveCfg = MinSizeRel|Win32
		{598BC799-CFAF-3EC3-AF1E-3F1211CD57D5}.MinSizeRel|Win32.Build.0 = MinSizeRel|Win32
		{598BC799-CFAF-3EC3-AF1E-3F1211CD57D5}.RelWithDebInfo|Win32.ActiveCfg = RelWithDebInfo|Win32
		{598BC799-CFAF-3EC3-AF1E-3F1211CD57D5}.RelWithDebInfo|Win32.Build.0 = RelWithDebInfo|Win32
		{56DAE3B8-F7DC-3279-9F64-E19C1CA063D0}.Debug|Win32.ActiveCfg = Debug|Win32
		{56DAE3B8-F7DC-3279-9F64-E19C1CA063D0}.Debug|Win32.Build.0 = Debug|Win32
		{56DAE3B8-F7DC-3279-9F64-E19C1CA063D0}.Release|Win32.ActiveCfg = Release|Win32
		{56DAE3B8-F7DC-3279-9F64-E19C1CA063D0}.Release|Win32.Build.0 = Release|Win32
		{56DAE3B8-F7DC-3279-9F64-E19C1CA063D0}.MinSizeRel|Win32.ActiveCfg = MinSizeRel|Win32
		{56DAE3B8-F7DC-3279-9F64-E19C1CA063D0}.MinSizeRel|Win32.Build.0 = MinSizeRel|Win32
		{56DAE3B8-F7DC-3279-9F64-E19C1CA063D0}.RelWithDebInfo|Win32.ActiveCfg = RelWithDebInfo|Win32
		{56DAE3B8-F7DC-3279-9F64-E19C1CA063D0}.RelWithDebInfo|Win32.Build.0 = RelWithDebInfo|Win32
		{8CD77649-9607-3391-A0D6-4BE175053231}.Debug|Win32.ActiveCfg = Debug|Win32
		{8CD77649-9607-3391-A0D6-4BE175053231}.Debug|Win32.Build.0 = Debug|Win32
		{8CD77649-9607-3391-A0D6-4BE175053231}.Release|Win32.ActiveCfg = Release|Win32
		{8CD77649-9607-3391-A0D6-4BE175053231}.Release|Win32.Build.0 = Release|Win32
		{8CD77649-9607-3391-A0D6-4BE175053231}.MinSizeRel|Win32.ActiveCfg = MinSizeRel|Win32
		{8CD77649-9607-3391-A0D6-4BE175053231}.MinSizeRel|Win32.Build.0 = MinSizeRel|Win32
		{8CD77649-9607-3391-A0D6-4BE175053231}.RelWithDebInfo|Win32.ActiveCfg = RelWithDebInfo|Win32
		{8CD77649-9607-3391-A0D6-4BE175053231}.RelWithDebInfo|Win32.Build.0 = RelWithDebInfo|Win32
		{A7EDE9EB-880B-301E-B552-AF00919676F5}.Debug|Win32.ActiveCfg = Debug|Win32
		{A7EDE9EB-880B-301E-B552-AF00919676F5}.Debug|Win32.Build.0 = Debug|Win32
		{A7EDE9EB-880B-301E-B552-AF00919676F5}.Release|Win32.ActiveCfg = Release|Win32
		{A7EDE9EB-880B-301E-B552-AF00919676F5}.Release|Win32.Build.0 = Release|Win32
		{A7EDE9EB-880B-301E-B552-AF00919676F5}.MinSizeRel|Win32.ActiveCfg = MinSizeRel|Win32
		{A7EDE9EB-880B-301E-B552-AF00919676F5}.MinSizeRel|Win32.Build.0 = MinSizeRel|Win32
		{A7EDE9EB-880B-301E-B552-AF00919676F5}.RelWithDebInfo|Win32.ActiveCfg = RelWithDebInfo|Win32
		{A7EDE9EB-880B-301E-B552-AF00919676F5}.RelWithDebInfo|Win32.Build.0 = RelWithDebInfo|Win32
		{0CA538D5-2B1D-30F5-937D-DA3DD854CBF3}.Debug|Win32.ActiveCfg = Debug|Win32
		{0CA538D5-2B1D-30F5-937D-DA3DD854CBF3}.Debug|Win32.Build.0 = Debug|Win32
		{0CA538D5-2B1D-30F5-937D-DA3DD854CBF3}.Release|Win32.ActiveCfg = Release|Win32
		{0CA538D5-2B1D-30F5-937D-DA3DD854CBF3}.Release|Win32.Build.0 = Release|Win32
		{0CA538D5-2B1D-30F5-937D-DA3DD854CBF3}.MinSizeRel|Win32.ActiveCfg = MinSizeRel|Win32
		{0CA538D5-2B1D-30F5-937D-DA3DD854CBF3}.MinSizeRel|Win32.Build.0 = MinSizeRel|Win32
		{0CA538D5-2B1D-30F5-937D-DA3DD854CBF3}.RelWithDebInfo|Win32.ActiveCfg = RelWithDebInfo|Win32
		{0CA538D5-2B1D-30F5-937D-DA3DD854CBF3}.RelWithDebInfo|Win32.Build.0 = RelWithDebInfo|Win32
		{25B2EB30-455D-335E-A34F-39BBD45D6256}.Debug|Win32.ActiveCfg = Debug|Win32
		{25B2EB30-455D-335E-A34F-39BBD45D6256}.Debug|Win32.Build.0 = Debug|Win32
		{25B2EB30-455D-335E-A34F-39BBD45D6256}.Release|Win32.ActiveCfg = Release|Win32
		{25B2EB30-455D-335E-A34F-39BBD45D6256}.Release|Win32.Build.0 = Release|Win32
		{25B2EB30-455D-335E-A34F-39BBD45D6256}.MinSizeRel|Win32.ActiveCfg = MinSizeRel|Win32
		{25B2EB30-455D-335E-A34F-39BBD45D6256}.MinSizeRel|Win32.Build.0 = MinSizeRel|Win32
		{25B2EB30-455D-335E-A34F-39BBD45D6256}.RelWithDebInfo|Win32.ActiveCfg = RelWithDebInfo|Win32
		{25B2EB30-455D-335E-A34F-39BBD45D6256}.RelWithDebInfo|Win32.Build.0 = RelWithDebInfo|Win32
		{F4B1E83F-A0B0-3806-B1D5-6E27AD990CD1}.Debug|Win32.ActiveCfg = Debug|Win32
		{F4B1E83F-A0B0-3806-B1D5-6E27AD990CD1}.Debug|Win32.Build.0 = Debug|Win32
		{F4B1E83F-A0B0-3806-B1D5-6E27AD990CD1}.Release|Win32.ActiveCfg = Release|Win32
		{F4B1E83F-A0B0-3806-B1D5-6E27AD990CD1}.Release|Win32.Build.0 = Release|Win32
		{F4B1E83F-A0B0-3806-B1D5-6E27AD990CD1}.MinSizeRel|Win32.ActiveCfg = MinSizeRel|Win32
		{F4B1E83F-A0B0-3806-B1D5-6E27AD990CD1}.MinSizeRel|Win32.Build.0 = MinSizeRel|Win32
		{F4B1E83F-A0B0-3806-B1D5-6E27AD990CD1}.RelWithDebInfo|Win32.ActiveCfg = RelWithDebInfo|Win32
		{F4B1E83F-A0B0-3806-B1D5-6E27AD990CD1}.RelWithDebInfo|Win32.Build.0 = RelWithDebInfo|Win32
		{A2824DB6-6410-328E-BA99-1A13EB0FC31D}.Debug|Win32.ActiveCfg = Debug|Win32
		{A2824DB6-6410-328E-BA99-1A13EB0FC31D}.Debug|Win32.Build.0 = Debug|Win32
		{A2824DB6-6410-328E-BA99-1A13EB0FC31D}.Release|Win32.ActiveCfg = Release|Win32
		{A2824DB6-6410-328E-BA99-1A13EB0FC31D}.Release|Win32.Build.0 = Release|Win32
		{A2824DB6-6410-328E-BA99-1A13EB0FC31D}.MinSizeRel|Win32.ActiveCfg = MinSizeRel|Win32
		{A2824DB6-6410-328E-BA99-1A13EB0FC31D}.MinSizeRel|Win32.Build.0 = MinSizeRel|Win32
		{A2824DB6-6410-328E-BA99-1A13EB0FC31D}.RelWithDebInfo|Win32.ActiveCfg = RelWithDebInfo|Win32
		{A2824DB6-6410-328E-BA99-1A13EB0FC31D}.RelWithDebInfo|Win32.Build.0 = RelWithDebInfo|Win32
		{1F73762A-CB07-362F-986A-610F12292C9B}.Debug|Win32.ActiveCfg = Debug|Win32
		{1F73762A-CB07-362F-986A-610F12292C9B}.Debug|Win32.Build.0 = Debug|Win32
		{1F73762A-CB07-362F-986A-610F12292C9B}.Release|Win32.ActiveCfg = Release|Win32
		{1F73762A-CB07-362F-986A-610F12292C9B}.Release|Win32.Build.0 = Release|Win32
		{1F73762A-CB07-362F-986A-610F12292C9B}.MinSizeRel|Win32.ActiveCfg = MinSizeRel|Win32
		{1F73762A-CB07-362F-986A-610F12292C9B}.MinSizeRel|Win32.Build.0 = MinSizeRel|Win32
		{1F73762A-CB07-362F-986A-610F12292C9B}.RelWithDebInfo|Win32.ActiveCfg = RelWithDebInfo|Win32
		{1F73762A-CB07-362F-986A-610F12292C9B}.RelWithDebInfo|Win32.Build.0 = RelWithDebInfo|Win32
		{1961E472-56D6-3B91-8BB2-B5E20723E4FF}.Debug|Win32.ActiveCfg = Debug|Win32
		{1961E472-56D6-3B91-8BB2-B5E20723E4FF}.Debug|Win32.Build.0 = Debug|Win32
		{1961E472-56D6-3B91-8BB2-B5E20723E4FF}.Release|Win32.ActiveCfg = Release|Win32
		{1961E472-56D6-3B91-8BB2-B5E20723E4FF}.Release|Win32.Build.0 = Release|Win32
		{1961E472-56D6-3B91-8BB2-B5E20723E4FF}.MinSizeRel|Win32.ActiveCfg = MinSizeRel|Win32
		{1961E472-56D6-3B91-8BB2-B5E20723E4FF}.MinSizeRel|Win32.Build.0 = MinSizeRel|Win32
		{1961E472-56D6-3B91-8BB2-B5E20723E4FF}.RelWithDebInfo|Win32.ActiveCfg = RelWithDebInfo|Win32
		{1961E472-56D6-3B91-8BB2-B5E20723E4FF}.RelWithDebInfo|Win32.Build.0 = RelWithDebInfo|Win32
		{E34B11A3-5B49-3C7D-B15A-5166066D9B1D}.Debug|Win32.ActiveCfg = Debug|Win32
		{E34B11A3-5B49-3C7D-B15A-5166066D9B1D}.Debug|Win32.Build.0 = Debug|Win32
		{E34B11A3-5B49-3C7D-B15A-5166066D9B1D}.Release|Win32.ActiveCfg = Release|Win32
		{E34B11A3-5B49-3C7D-B15A-5166066D9B1D}.Release|Win32.Build.0 = Release|Win32
		{E34B11A3-5B49-3C7D-B15A-5166066D9B1D}.MinSizeRel|Win32.ActiveCfg = MinSizeRel|Win32
		{E34B11A3-5B49-3C7D-B15A-5166066D9B1D}.MinSizeRel|Win32.Build.0 = MinSizeRel|Win32
		{E34B11A3-5B49-3C7D-B15A-5166066D9B1D}.RelWithDebInfo|Win32.ActiveCfg = RelWithDebInfo|Win32
		{E34B11A3-5B49-3C7D-B15A-5166066D9B1D}.RelWithDebInfo|Win32.Build.0 = RelWithDebInfo|Win32
		{60D87144-6F8E-3F86-89F6-EAB0B2921237}.Debug|Win32.ActiveCfg = Debug|Win32
		{60D87144-6F8E-3F86-89F6-EAB0B2921237}.Debug|Win32.Build.0 = Debug|Win32
		{60D87144-6F8E-3F86-89F6-EAB0B2921237}.Release|Win32.ActiveCfg = Release|Win32
		{60D87144-6F8E-3F86-89F6-EAB0B2921237}.Release|Win32.Build.0 = Release|Win32
		{60D87144-6F8E-3F86-89F6-EAB0B2921237}.MinSizeRel|Win32.ActiveCfg = MinSizeRel|Win32
		{60D87144-6F8E-3F86-89F6-EAB0B2921237}.MinSizeRel|Win32.Build.0 = MinSizeRel|Win32
		{60D87144-6F8E-3F86-89F6-EAB0B2921237}.RelWithDebInfo|Win32.ActiveCfg = RelWithDebInfo|Win32
		{60D87144-6F8E-3F86-89F6-EAB0B2921237}.RelWithDebInfo|Win32.Build.0 = RelWithDebInfo|Win32
		{8FC23786-6374-3334-B7FC-2912340F0ED3}.Debug|Win32.ActiveCfg = Debug|Win32
		{8FC23786-6374-3334-B7FC-2912340F0ED3}.Debug|Win32.Build.0 = Debug|Win32
		{8FC23786-6374-3334-B7FC-2912340F0ED3}.Release|Win32.ActiveCfg = Release|Win32
		{8FC23786-6374-3334-B7FC-2912340F0ED3}.Release|Win32.Build.0 = Release|Win32
		{8FC23786-6374-3334-B7FC-2912340F0ED3}.MinSizeRel|Win32.ActiveCfg = MinSizeRel|Win32
		{8FC23786-6374-3334-B7FC-2912340F0ED3}.MinSizeRel|Win32.Build.0 = MinSizeRel|Win32
		{8FC23786-6374-3334-B7FC-2912340F0ED3}.RelWithDebInfo|Win32.ActiveCfg = RelWithDebInfo|Win32
		{8FC23786-6374-3334-B7FC-2912340F0ED3}.RelWithDebInfo|Win32.Build.0 = RelWithDebInfo|Win32
		{8306A101-3998-3DA5-953B-883C12E3FC22}.Debug|Win32.ActiveCfg = Debug|Win32
		{8306A101-3998-3DA5-953B-883C12E3FC22}.Debug|Win32.Build.0 = Debug|Win32
		{8306A101-3998-3DA5-953B-883C12E3FC22}.Release|Win32.ActiveCfg = Release|Win32
		{8306A101-3998-3DA5-953B-883C12E3FC22}.Release|Win32.Build.0 = Release|Win32
		{8306A101-3998-3DA5-953B-883C12E3FC22}.MinSizeRel|Win32.ActiveCfg = MinSizeRel|Win32
		{8306A101-3998-3DA5-953B-883C12E3FC22}.MinSizeRel|Win32.Build.0 = MinSizeRel|Win32
		{8306A101-3998-3DA5-953B-883C12E3FC22}.RelWithDebInfo|Win32.ActiveCfg = RelWithDebInfo|Win32
		{8306A101-3998-3DA5-953B-883C12E3FC22}.RelWithDebInfo|Win32.Build.0 = RelWithDebInfo|Win32
		{08DB75AC-A9FB-311F-9E13-98ADBB2284C1}.Debug|Win32.ActiveCfg = Debug|Win32
		{08DB75AC-A9FB-311F-9E13-98ADBB2284C1}.Debug|Win32.Build.0 = Debug|Win32
		{08DB75AC-A9FB-311F-9E13-98ADBB2284C1}.Release|Win32.ActiveCfg = Release|Win32
		{08DB75AC-A9FB-311F-9E13-98ADBB2284C1}.Release|Win32.Build.0 = Release|Win32
		{08DB75AC-A9FB-311F-9E13-98ADBB2284C1}.MinSizeRel|Win32.ActiveCfg = MinSizeRel|Win32
		{08DB75AC-A9FB-311F-9E13-98ADBB2284C1}.MinSizeRel|Win32.Build.0 = MinSizeRel|Win32
		{08DB75AC-A9FB-311F-9E13-98ADBB2284C1}.RelWithDebInfo|Win32.ActiveCfg = RelWithDebInfo|Win32
		{08DB75AC-A9FB-311F-9E13-98ADBB2284C1}.RelWithDebInfo|Win32.Build.0 = RelWithDebInfo|Win32
		{38A7E439-4A1F-30FE-8F6A-BA9C10830BA6}.Debug|Win32.ActiveCfg = Debug|Win32
		{38A7E439-4A1F-30FE-8F6A-BA9C10830BA6}.Debug|Win32.Build.0 = Debug|Win32
		{38A7E439-4A1F-30FE-8F6A-BA9C10830BA6}.Release|Win32.ActiveCfg = Release|Win32
		{38A7E439-4A1F-30FE-8F6A-BA9C10830BA6}.Release|Win32.Build.0 = Release|Win32
		{38A7E439-4A1F-30FE-8F6A-BA9C10830BA6}.MinSizeRel|Win32.ActiveCfg = MinSizeRel|Win32
		{38A7E439-4A1F-30FE-8F6A-BA9C10830BA6}.MinSizeRel|Win32.Build.0 = MinSizeRel|Win32
		{38A7E439-4A1F-30FE-8F6A-BA9C10830BA6}.RelWithDebInfo|Win32.ActiveCfg = RelWithDebInfo|Win32
		{38A7E439-4A1F-30FE-8F6A-BA9C10830BA6}.RelWithDebInfo|Win32.Build.0 = RelWithDebInfo|Win32
		{BC1B8A33-048A-341D-BF0C-934EB81CACBF}.Debug|Win32.ActiveCfg = Debug|Win32
		{BC1B8A33-048A-341D-BF0C-934EB81CACBF}.Debug|Win32.Build.0 = Debug|Win32
		{BC1B8A33-048A-341D-BF0C-934EB81CACBF}.Release|Win32.ActiveCfg = Release|Win32
		{BC1B8A33-048A-341D-BF0C-934EB81CACBF}.Release|Win32.Build.0 = Release|Win32
		{BC1B8A33-048A-341D-BF0C-934EB81CACBF}.MinSizeRel|Win32.ActiveCfg = MinSizeRel|Win32
		{BC1B8A33-048A-341D-BF0C-934EB81CACBF}.MinSizeRel|Win32.Build.0 = MinSizeRel|Win32
		{BC1B8A33-048A-341D-BF0C-934EB81CACBF}.RelWithDebInfo|Win32.ActiveCfg = RelWithDebInfo|Win32
		{BC1B8A33-048A-341D-BF0C-934EB81CACBF}.RelWithDebInfo|Win32.Build.0 = RelWithDebInfo|Win32
		{9A7C2F81-579D-3B73-ACFD-300D7B444688}.Debug|Win32.ActiveCfg = Debug|Win32
		{9A7C2F81-579D-3B73-ACFD-300D7B444688}.Debug|Win32.Build.0 = Debug|Win32
		{9A7C2F81-579D-3B73-ACFD-300D7B444688}.Release|Win32.ActiveCfg = Release|Win32
		{9A7C2F81-579D-3B73-ACFD-300D7B444688}.Release|Win32.Build.0 = Release|Win32
		{9A7C2F81-579D-3B73-ACFD-300D7B444688}.MinSizeRel|Win32.ActiveCfg = MinSizeRel|Win32
		{9A7C2F81-579D-3B73-ACFD-300D7B444688}.MinSizeRel|Win32.Build.0 = MinSizeRel|Win32
		{9A7C2F81-579D-3B73-ACFD-300D7B444688}.RelWithDebInfo|Win32.ActiveCfg = RelWithDebInfo|Win32
		{9A7C2F81-579D-3B73-ACFD-300D7B444688}.RelWithDebInfo|Win32.Build.0 = RelWithDebInfo|Win32
		{86E81EEB-300C-3A6E-A05A-EF5A5B591E67}.Debug|Win32.ActiveCfg = Debug|Win32
		{86E81EEB-300C-3A6E-A05A-EF5A5B591E67}.Debug|Win32.Build.0 = Debug|Win32
		{86E81EEB-300C-3A6E-A05A-EF5A5B591E67}.Release|Win32.ActiveCfg = Release|Win32
		{86E81EEB-300C-3A6E-A05A-EF5A5B591E67}.Release|Win32.Build.0 = Release|Win32
		{86E81EEB-300C-3A6E-A05A-EF5A5B591E67}.MinSizeRel|Win32.ActiveCfg = MinSizeRel|Win32
		{86E81EEB-300C-3A6E-A05A-EF5A5B591E67}.MinSizeRel|Win32.Build.0 = MinSizeRel|Win32
		{86E81EEB-300C-3A6E-A05A-EF5A5B591E67}.RelWithDebInfo|Win32.ActiveCfg = RelWithDebInfo|Win32
		{86E81EEB-300C-3A6E-A05A-EF5A5B591E67}.RelWithDebInfo|Win32.Build.0 = RelWithDebInfo|Win32
		{626BA2F5-5596-31C7-88F0-BA2FFC7B79E0}.Debug|Win32.ActiveCfg = Debug|Win32
		{626BA2F5-5596-31C7-88F0-BA2FFC7B79E0}.Debug|Win32.Build.0 = Debug|Win32
		{626BA2F5-5596-31C7-88F0-BA2FFC7B79E0}.Release|Win32.ActiveCfg = Release|Win32
		{626BA2F5-5596-31C7-88F0-BA2FFC7B79E0}.Release|Win32.Build.0 = Release|Win32
		{626BA2F5-5596-31C7-88F0-BA2FFC7B79E0}.MinSizeRel|Win32.ActiveCfg = MinSizeRel|Win32
		{626BA2F5-5596-31C7-88F0-BA2FFC7B79E0}.MinSizeRel|Win32.Build.0 = MinSizeRel|Win32
		{626BA2F5-5596-31C7-88F0-BA2FFC7B79E0}.RelWithDebInfo|Win32.ActiveCfg = RelWithDebInfo|Win32
		{626BA2F5-5596-31C7-88F0-BA2FFC7B79E0}.RelWithDebInfo|Win32.Build.0 = RelWithDebInfo|Win32
		{2DB28A92-6A11-39EF-B749-922BB6936553}.Debug|Win32.ActiveCfg = Debug|Win32
		{2DB28A92-6A11-39EF-B749-922BB6936553}.Debug|Win32.Build.0 = Debug|Win32
		{2DB28A92-6A11-39EF-B749-922BB6936553}.Release|Win32.ActiveCfg = Release|Win32
		{2DB28A92-6A11-39EF-B749-922BB6936553}.Release|Win32.Build.0 = Release|Win32
		{2DB28A92-6A11-39EF-B749-922BB6936553}.MinSizeRel|Win32.ActiveCfg = MinSizeRel|Win32
		{2DB28A92-6A11-39EF-B749-922BB6936553}.MinSizeRel|Win32.Build.0 = MinSizeRel|Win32
		{2DB28A92-6A11-39EF-B749-922BB6936553}.RelWithDebInfo|Win32.ActiveCfg = RelWithDebInfo|Win32
		{2DB28A92-6A11-39EF-B749-922BB6936553}.RelWithDebInfo|Win32.Build.0 = RelWithDebInfo|Win32
		{6A54126B-1F0B-3D30-BD56-3DAFC9F9184C}.Debug|Win32.ActiveCfg = Debug|Win32
		{6A54126B-1F0B-3D30-BD56-3DAFC9F9184C}.Debug|Win32.Build.0 = Debug|Win32
		{6A54126B-1F0B-3D30-BD56-3DAFC9F9184C}.Release|Win32.ActiveCfg = Release|Win32
		{6A54126B-1F0B-3D30-BD56-3DAFC9F9184C}.Release|Win32.Build.0 = Release|Win32
		{6A54126B-1F0B-3D30-BD56-3DAFC9F9184C}.MinSizeRel|Win32.ActiveCfg = MinSizeRel|Win32
		{6A54126B-1F0B-3D30-BD56-3DAFC9F9184C}.MinSizeRel|Win32.Build.0 = MinSizeRel|Win32
		{6A54126B-1F0B-3D30-BD56-3DAFC9F9184C}.RelWithDebInfo|Win32.ActiveCfg = RelWithDebInfo|Win32
		{6A54126B-1F0B-3D30-BD56-3DAFC9F9184C}.RelWithDebInfo|Win32.Build.0 = RelWithDebInfo|Win32
		{4944FAD1-DCEB-3D7E-8EF5-D1B9C8795627}.Debug|Win32.ActiveCfg = Debug|Win32
		{4944FAD1-DCEB-3D7E-8EF5-D1B9C8795627}.Debug|Win32.Build.0 = Debug|Win32
		{4944FAD1-DCEB-3D7E-8EF5-D1B9C8795627}.Release|Win32.ActiveCfg = Release|Win32
		{4944FAD1-DCEB-3D7E-8EF5-D1B9C8795627}.Release|Win32.Build.0 = Release|Win32
		{4944FAD1-DCEB-3D7E-8EF5-D1B9C8795627}.MinSizeRel|Win32.ActiveCfg = MinSizeRel|Win32
		{4944FAD1-DCEB-3D7E-8EF5-D1B9C8795627}.MinSizeRel|Win32.Build.0 = MinSizeRel|Win32
		{4944FAD1-DCEB-3D7E-8EF5-D1B9C8795627}.RelWithDebInfo|Win32.ActiveCfg = RelWithDebInfo|Win32
		{4944FAD1-DCEB-3D7E-8EF5-D1B9C8795627}.RelWithDebInfo|Win32.Build.0 = RelWithDebInfo|Win32
		{528E223B-4541-355C-8DE1-042B068C24C9}.Debug|Win32.ActiveCfg = Debug|Win32
		{528E223B-4541-355C-8DE1-042B068C24C9}.Debug|Win32.Build.0 = Debug|Win32
		{528E223B-4541-355C-8DE1-042B068C24C9}.Release|Win32.ActiveCfg = Release|Win32
		{528E223B-4541-355C-8DE1-042B068C24C9}.Release|Win32.Build.0 = Release|Win32
		{528E223B-4541-355C-8DE1-042B068C24C9}.MinSizeRel|Win32.ActiveCfg = MinSizeRel|Win32
		{528E223B-4541-355C-8DE1-042B068C24C9}.MinSizeRel|Win32.Build.0 = MinSizeRel|Win32
		{528E223B-4541-355C-8DE1-042B068C24C9}.RelWithDebInfo|Win32.ActiveCfg = RelWithDebInfo|Win32
		{528E223B-4541-355C-8DE1-042B068C24C9}.RelWithDebInfo|Win32.Build.0 = RelWithDebInfo|Win32
		{5A96829D-6000-3FEA-9BA3-2FCD21225AAB}.Debug|Win32.ActiveCfg = Debug|Win32
		{5A96829D-6000-3FEA-9BA3-2FCD21225AAB}.Debug|Win32.Build.0 = Debug|Win32
		{5A96829D-6000-3FEA-9BA3-2FCD21225AAB}.Release|Win32.ActiveCfg = Release|Win32
		{5A96829D-6000-3FEA-9BA3-2FCD21225AAB}.Release|Win32.Build.0 = Release|Win32
		{5A96829D-6000-3FEA-9BA3-2FCD21225AAB}.MinSizeRel|Win32.ActiveCfg = MinSizeRel|Win32
		{5A96829D-6000-3FEA-9BA3-2FCD21225AAB}.MinSizeRel|Win32.Build.0 = MinSizeRel|Win32
		{5A96829D-6000-3FEA-9BA3-2FCD21225AAB}.RelWithDebInfo|Win32.ActiveCfg = RelWithDebInfo|Win32
		{5A96829D-6000-3FEA-9BA3-2FCD21225AAB}.RelWithDebInfo|Win32.Build.0 = RelWithDebInfo|Win32
		{9A13CB74-9528-38CB-82FE-A7930C91D7F6}.Debug|Win32.ActiveCfg = Debug|Win32
		{9A13CB74-9528-38CB-82FE-A7930C91D7F6}.Debug|Win32.Build.0 = Debug|Win32
		{9A13CB74-9528-38CB-82FE-A7930C91D7F6}.Release|Win32.ActiveCfg = Release|Win32
		{9A13CB74-9528-38CB-82FE-A7930C91D7F6}.Release|Win32.Build.0 = Release|Win32
		{9A13CB74-9528-38CB-82FE-A7930C91D7F6}.MinSizeRel|Win32.ActiveCfg = MinSizeRel|Win32
		{9A13CB74-9528-38CB-82FE-A7930C91D7F6}.MinSizeRel|Win32.Build.0 = MinSizeRel|Win32
		{9A13CB74-9528-38CB-82FE-A7930C91D7F6}.RelWithDebInfo|Win32.ActiveCfg = RelWithDebInfo|Win32
		{9A13CB74-9528-38CB-82FE-A7930C91D7F6}.RelWithDebInfo|Win32.Build.0 = RelWithDebInfo|Win32
		{345BBEA7-28F9-3F7E-8938-86917AC6D0DD}.Debug|Win32.ActiveCfg = Debug|Win32
		{345BBEA7-28F9-3F7E-8938-86917AC6D0DD}.Debug|Win32.Build.0 = Debug|Win32
		{345BBEA7-28F9-3F7E-8938-86917AC6D0DD}.Release|Win32.ActiveCfg = Release|Win32
		{345BBEA7-28F9-3F7E-8938-86917AC6D0DD}.Release|Win32.Build.0 = Release|Win32
		{345BBEA7-28F9-3F7E-8938-86917AC6D0DD}.MinSizeRel|Win32.ActiveCfg = MinSizeRel|Win32
		{345BBEA7-28F9-3F7E-8938-86917AC6D0DD}.MinSizeRel|Win32.Build.0 = MinSizeRel|Win32
		{345BBEA7-28F9-3F7E-8938-86917AC6D0DD}.RelWithDebInfo|Win32.ActiveCfg = RelWithDebInfo|Win32
		{345BBEA7-28F9-3F7E-8938-86917AC6D0DD}.RelWithDebInfo|Win32.Build.0 = RelWithDebInfo|Win32
		{F7A9D62A-5726-38EF-93D3-CBE07E3E3A77}.Debug|Win32.ActiveCfg = Debug|Win32
		{F7A9D62A-5726-38EF-93D3-CBE07E3E3A77}.Debug|Win32.Build.0 = Debug|Win32
		{F7A9D62A-5726-38EF-93D3-CBE07E3E3A77}.Release|Win32.ActiveCfg = Release|Win32
		{F7A9D62A-5726-38EF-93D3-CBE07E3E3A77}.Release|Win32.Build.0 = Release|Win32
		{F7A9D62A-5726-38EF-93D3-CBE07E3E3A77}.MinSizeRel|Win32.ActiveCfg = MinSizeRel|Win32
		{F7A9D62A-5726-38EF-93D3-CBE07E3E3A77}.MinSizeRel|Win32.Build.0 = MinSizeRel|Win32
		{F7A9D62A-5726-38EF-93D3-CBE07E3E3A77}.RelWithDebInfo|Win32.ActiveCfg = RelWithDebInfo|Win32
		{F7A9D62A-5726-38EF-93D3-CBE07E3E3A77}.RelWithDebInfo|Win32.Build.0 = RelWithDebInfo|Win32
		{68A56633-6375-31E4-BAA8-F841BA789029}.Debug|Win32.ActiveCfg = Debug|Win32
		{68A56633-6375-31E4-BAA8-F841BA789029}.Debug|Win32.Build.0 = Debug|Win32
		{68A56633-6375-31E4-BAA8-F841BA789029}.Release|Win32.ActiveCfg = Release|Win32
		{68A56633-6375-31E4-BAA8-F841BA789029}.Release|Win32.Build.0 = Release|Win32
		{68A56633-6375-31E4-BAA8-F841BA789029}.MinSizeRel|Win32.ActiveCfg = MinSizeRel|Win32
		{68A56633-6375-31E4-BAA8-F841BA789029}.MinSizeRel|Win32.Build.0 = MinSizeRel|Win32
		{68A56633-6375-31E4-BAA8-F841BA789029}.RelWithDebInfo|Win32.ActiveCfg = RelWithDebInfo|Win32
		{68A56633-6375-31E4-BAA8-F841BA789029}.RelWithDebInfo|Win32.Build.0 = RelWithDebInfo|Win32
		{C01747C9-BE53-3026-B846-913109710626}.Debug|Win32.ActiveCfg = Debug|Win32
		{C01747C9-BE53-3026-B846-913109710626}.Debug|Win32.Build.0 = Debug|Win32
		{C01747C9-BE53-3026-B846-913109710626}.Release|Win32.ActiveCfg = Release|Win32
		{C01747C9-BE53-3026-B846-913109710626}.Release|Win32.Build.0 = Release|Win32
		{C01747C9-BE53-3026-B846-913109710626}.MinSizeRel|Win32.ActiveCfg = MinSizeRel|Win32
		{C01747C9-BE53-3026-B846-913109710626}.MinSizeRel|Win32.Build.0 = MinSizeRel|Win32
		{C01747C9-BE53-3026-B846-913109710626}.RelWithDebInfo|Win32.ActiveCfg = RelWithDebInfo|Win32
		{C01747C9-BE53-3026-B846-913109710626}.RelWithDebInfo|Win32.Build.0 = RelWithDebInfo|Win32
		{1BC76065-B5B2-3EF3-B9D0-AEF97FEDCC19}.Debug|Win32.ActiveCfg = Debug|Win32
		{1BC76065-B5B2-3EF3-B9D0-AEF97FEDCC19}.Release|Win32.ActiveCfg = Release|Win32
		{1BC76065-B5B2-3EF3-B9D0-AEF97FEDCC19}.MinSizeRel|Win32.ActiveCfg = MinSizeRel|Win32
		{1BC76065-B5B2-3EF3-B9D0-AEF97FEDCC19}.RelWithDebInfo|Win32.ActiveCfg = RelWithDebInfo|Win32
		{13E8E0B0-D818-362C-830C-F7326019CC93}.Debug|Win32.ActiveCfg = Debug|Win32
		{13E8E0B0-D818-362C-830C-F7326019CC93}.Debug|Win32.Build.0 = Debug|Win32
		{13E8E0B0-D818-362C-830C-F7326019CC93}.Release|Win32.ActiveCfg = Release|Win32
		{13E8E0B0-D818-362C-830C-F7326019CC93}.Release|Win32.Build.0 = Release|Win32
		{13E8E0B0-D818-362C-830C-F7326019CC93}.MinSizeRel|Win32.ActiveCfg = MinSizeRel|Win32
		{13E8E0B0-D818-362C-830C-F7326019CC93}.MinSizeRel|Win32.Build.0 = MinSizeRel|Win32
		{13E8E0B0-D818-362C-830C-F7326019CC93}.RelWithDebInfo|Win32.ActiveCfg = RelWithDebInfo|Win32
		{13E8E0B0-D818-362C-830C-F7326019CC93}.RelWithDebInfo|Win32.Build.0 = RelWithDebInfo|Win32
		{B78DD504-749A-3302-9AC2-1247CA2BC57B}.Debug|Win32.ActiveCfg = Debug|Win32
		{B78DD504-749A-3302-9AC2-1247CA2BC57B}.Debug|Win32.Build.0 = Debug|Win32
		{B78DD504-749A-3302-9AC2-1247CA2BC57B}.Release|Win32.ActiveCfg = Release|Win32
		{B78DD504-749A-3302-9AC2-1247CA2BC57B}.Release|Win32.Build.0 = Release|Win32
		{B78DD504-749A-3302-9AC2-1247CA2BC57B}.MinSizeRel|Win32.ActiveCfg = MinSizeRel|Win32
		{B78DD504-749A-3302-9AC2-1247CA2BC57B}.MinSizeRel|Win32.Build.0 = MinSizeRel|Win32
		{B78DD504-749A-3302-9AC2-1247CA2BC57B}.RelWithDebInfo|Win32.ActiveCfg = RelWithDebInfo|Win32
		{B78DD504-749A-3302-9AC2-1247CA2BC57B}.RelWithDebInfo|Win32.Build.0 = RelWithDebInfo|Win32
		{BBE8C797-B6F5-35F0-9018-85912F832EFC}.Debug|Win32.ActiveCfg = Debug|Win32
		{BBE8C797-B6F5-35F0-9018-85912F832EFC}.Debug|Win32.Build.0 = Debug|Win32
		{BBE8C797-B6F5-35F0-9018-85912F832EFC}.Release|Win32.ActiveCfg = Release|Win32
		{BBE8C797-B6F5-35F0-9018-85912F832EFC}.Release|Win32.Build.0 = Release|Win32
		{BBE8C797-B6F5-35F0-9018-85912F832EFC}.MinSizeRel|Win32.ActiveCfg = MinSizeRel|Win32
		{BBE8C797-B6F5-35F0-9018-85912F832EFC}.MinSizeRel|Win32.Build.0 = MinSizeRel|Win32
		{BBE8C797-B6F5-35F0-9018-85912F832EFC}.RelWithDebInfo|Win32.ActiveCfg = RelWithDebInfo|Win32
		{BBE8C797-B6F5-35F0-9018-85912F832EFC}.RelWithDebInfo|Win32.Build.0 = RelWithDebInfo|Win32
	EndGlobalSection
	GlobalSection(NestedProjects) = preSolution
		{A57DF250-8825-3C35-AE9C-B28CEB869AF9} = {05BE30B0-512B-3F01-852E-0183AFBA54A3}
		{00AA96D9-35AE-3389-AA5F-C1579F79BC8C} = {05BE30B0-512B-3F01-852E-0183AFBA54A3}
		{BB71B54C-3410-33F8-9E5D-BE3BD8775158} = {05BE30B0-512B-3F01-852E-0183AFBA54A3}
		{47CB101D-FE19-3432-8B33-1CC4A07029BE} = {152DB517-AE01-385A-B613-DD4AAFAA6286}
		{5F0E3246-F851-3ACE-839B-E548654A713C} = {152DB517-AE01-385A-B613-DD4AAFAA6286}
		{2A5ED570-84AD-384D-ADCA-3D05F5AAB83E} = {152DB517-AE01-385A-B613-DD4AAFAA6286}
		{441AF696-2E15-3D36-AB2D-DDA29696B852} = {47CB101D-FE19-3432-8B33-1CC4A07029BE}
		{60728C0C-5D98-3B78-9EC1-3BF40468A1F5} = {47CB101D-FE19-3432-8B33-1CC4A07029BE}
		{CA9A83AA-2211-357B-B8D0-B3026A34E09A} = {47CB101D-FE19-3432-8B33-1CC4A07029BE}
		{968DDDD4-F5CE-353E-9D32-7C33FE398DB9} = {47CB101D-FE19-3432-8B33-1CC4A07029BE}
		{A7EDE9EB-880B-301E-B552-AF00919676F5} = {47CB101D-FE19-3432-8B33-1CC4A07029BE}
		{0CA538D5-2B1D-30F5-937D-DA3DD854CBF3} = {47CB101D-FE19-3432-8B33-1CC4A07029BE}
		{13E8E0B0-D818-362C-830C-F7326019CC93} = {47CB101D-FE19-3432-8B33-1CC4A07029BE}
		{422CDE67-7307-35DE-B6DE-7A01BDB3894C} = {5F0E3246-F851-3ACE-839B-E548654A713C}
		{7C8D7FB3-85DA-3C46-92AD-2AEB8B58FE59} = {5F0E3246-F851-3ACE-839B-E548654A713C}
		{BBEF4C81-0086-3593-B01E-81BA3E413057} = {5F0E3246-F851-3ACE-839B-E548654A713C}
		{B8F5AAA1-9BF3-376F-81E4-0A74513D345C} = {5F0E3246-F851-3ACE-839B-E548654A713C}
		{67D4F72A-1C0D-3B44-AC94-7FCA7B59ED2B} = {5F0E3246-F851-3ACE-839B-E548654A713C}
		{48E4DBC0-A39E-3EF3-A62F-D40C12E88C2F} = {5F0E3246-F851-3ACE-839B-E548654A713C}
		{D26D202D-76DF-3E27-ADAE-6C3C4C11B69D} = {5F0E3246-F851-3ACE-839B-E548654A713C}
		{754214E7-FB4E-360C-9141-57EAE4F5CB40} = {5F0E3246-F851-3ACE-839B-E548654A713C}
		{00696120-DC8D-3AC7-9F88-7E495416E5DA} = {5F0E3246-F851-3ACE-839B-E548654A713C}
		{7241C1C8-46D9-3C19-857A-13329C07ED19} = {5F0E3246-F851-3ACE-839B-E548654A713C}
		{56DAE3B8-F7DC-3279-9F64-E19C1CA063D0} = {5F0E3246-F851-3ACE-839B-E548654A713C}
		{8CD77649-9607-3391-A0D6-4BE175053231} = {5F0E3246-F851-3ACE-839B-E548654A713C}
		{25B2EB30-455D-335E-A34F-39BBD45D6256} = {5F0E3246-F851-3ACE-839B-E548654A713C}
		{F4B1E83F-A0B0-3806-B1D5-6E27AD990CD1} = {5F0E3246-F851-3ACE-839B-E548654A713C}
		{A2824DB6-6410-328E-BA99-1A13EB0FC31D} = {5F0E3246-F851-3ACE-839B-E548654A713C}
		{B78DD504-749A-3302-9AC2-1247CA2BC57B} = {5F0E3246-F851-3ACE-839B-E548654A713C}
	EndGlobalSection
	GlobalSection(ExtensibilityGlobals) = postSolution
		SolutionGuid = {F5FBE017-BA8D-3C4D-9DE6-781F60FB9B78}
	EndGlobalSection
	GlobalSection(ExtensibilityAddIns) = postSolution
	EndGlobalSection
EndGlobal
